Microsoft Visual Studio Solution File, Format Version 12.00
# Visual Studio 15
VisualStudioVersion = 15.0.28307.539
MinimumVisualStudioVersion = 10.0.40219.1
# This file is generated by MSBuildForUnity, it will get updated when the assembly definitions change.
Project("{9A19103F-16F7-4668-BE54-9A1E7A4F7556}") = "Unity.TextMeshPro", "D:\Projects\NuGet\MSBuildForUnity2\Samples\IntegratedDependencies.Unity\MSBuild\Projects\Unity.TextMeshPro.msb4u.csproj", "{6055BE8E-BEFD-69E4-8B49-212B09B47B2F}"
	ProjectSection(ProjectDependencies) = postProject
	EndProjectSection
EndProject
Project("{9A19103F-16F7-4668-BE54-9A1E7A4F7556}") = "Unity.PackageManagerUI.Editor", "D:\Projects\NuGet\MSBuildForUnity2\Samples\IntegratedDependencies.Unity\MSBuild\Projects\Unity.PackageManagerUI.Editor.msb4u.csproj", "{15A615C7-33AA-2409-09FE-0B28B0D5143C}"
	ProjectSection(ProjectDependencies) = postProject
	EndProjectSection
EndProject
Project("{9A19103F-16F7-4668-BE54-9A1E7A4F7556}") = "Unity.CollabProxy.Editor", "D:\Projects\NuGet\MSBuildForUnity2\Samples\IntegratedDependencies.Unity\MSBuild\Projects\Unity.CollabProxy.Editor.msb4u.csproj", "{645165C8-1694-74BF-BBEB-8FB0BCFD26F5}"
	ProjectSection(ProjectDependencies) = postProject
	EndProjectSection
EndProject
Project("{9A19103F-16F7-4668-BE54-9A1E7A4F7556}") = "MSBuildForUnity", "D:\Projects\NuGet\MSBuildForUnity2\Samples\IntegratedDependencies.Unity\MSBuild\Projects\MSBuildForUnity.msb4u.csproj", "{0DF1F49A-50F1-5354-5BF9-9E3DBB6674AD}"
	ProjectSection(ProjectDependencies) = postProject
	EndProjectSection
EndProject
Project("{9A19103F-16F7-4668-BE54-9A1E7A4F7556}") = "Unity.Analytics.DataPrivacy", "D:\Projects\NuGet\MSBuildForUnity2\Samples\IntegratedDependencies.Unity\MSBuild\Projects\Unity.Analytics.DataPrivacy.msb4u.csproj", "{0FDA7EBE-61AB-2164-383D-10E32EFB9C6E}"
	ProjectSection(ProjectDependencies) = postProject
	EndProjectSection
EndProject
Project("{9A19103F-16F7-4668-BE54-9A1E7A4F7556}") = "Unity.TextMeshPro.Editor", "D:\Projects\NuGet\MSBuildForUnity2\Samples\IntegratedDependencies.Unity\MSBuild\Projects\Unity.TextMeshPro.Editor.msb4u.csproj", "{6546D776-5B41-65B4-0850-B3667F981C26}"
	ProjectSection(ProjectDependencies) = postProject
		{6055BE8E-BEFD-69E4-8B49-212B09B47B2F} = {6055BE8E-BEFD-69E4-8B49-212B09B47B2F}
	EndProjectSection
EndProject
Project("{9A19103F-16F7-4668-BE54-9A1E7A4F7556}") = "Assembly-CSharp", "D:\Projects\NuGet\MSBuildForUnity2\Samples\IntegratedDependencies.Unity\Assets\Assembly-CSharp.msb4u.csproj", "{85B9B1C4-2EF7-4E7E-89AC-93CC8F622A53}"
	ProjectSection(ProjectDependencies) = postProject
		{6546D776-5B41-65B4-0850-B3667F981C26} = {6546D776-5B41-65B4-0850-B3667F981C26}
		{15A615C7-33AA-2409-09FE-0B28B0D5143C} = {15A615C7-33AA-2409-09FE-0B28B0D5143C}
		{645165C8-1694-74BF-BBEB-8FB0BCFD26F5} = {645165C8-1694-74BF-BBEB-8FB0BCFD26F5}
		{0DF1F49A-50F1-5354-5BF9-9E3DBB6674AD} = {0DF1F49A-50F1-5354-5BF9-9E3DBB6674AD}
		{6055BE8E-BEFD-69E4-8B49-212B09B47B2F} = {6055BE8E-BEFD-69E4-8B49-212B09B47B2F}
		{0FDA7EBE-61AB-2164-383D-10E32EFB9C6E} = {0FDA7EBE-61AB-2164-383D-10E32EFB9C6E}
	EndProjectSection
EndProject
Project("{9A19103F-16F7-4668-BE54-9A1E7A4F7556}") = "Dependencies", "D:\Projects\NuGet\MSBuildForUnity2\Samples\IntegratedDependencies.Unity\Assets\Dependencies.msb4u.csproj", "{6A54D6BA-1F76-4C82-91DE-D0FCC2BBDDF7}"
	ProjectSection(ProjectDependencies) = postProject
	EndProjectSection
EndProject
Project("{2150E333-8FDC-42A3-9474-1A3956D46DE8}") = "Imported Packages", "Imported Packages", "{41C0EB52-26E7-4471-8EC6-FAB5A48CB82D}"
EndProject
Project("{2150E333-8FDC-42A3-9474-1A3956D46DE8}") = "External Packages", "External Packages", "{C911C9B9-6B33-4AD3-8721-5834A69061D5}"
EndProject
Global
	GlobalSection(SolutionConfigurationPlatforms) = preSolution
		InEditor|Android = InEditor|Android
		Player|Android = Player|Android
		InEditor|iOS = InEditor|iOS
		Player|iOS = Player|iOS
		InEditor|WindowsStandalone32 = InEditor|WindowsStandalone32
		Player|WindowsStandalone32 = Player|WindowsStandalone32
		InEditor|WindowsStandalone64 = InEditor|WindowsStandalone64
		Player|WindowsStandalone64 = Player|WindowsStandalone64
		InEditor|WSA = InEditor|WSA
		Player|WSA = Player|WSA
	EndGlobalSection
	GlobalSection(ProjectConfigurationPlatforms) = postSolution
		{6055BE8E-BEFD-69E4-8B49-212B09B47B2F}.InEditor|Android.ActiveCfg = InEditor|Android
		{6055BE8E-BEFD-69E4-8B49-212B09B47B2F}.InEditor|iOS.ActiveCfg = InEditor|iOS
		{6055BE8E-BEFD-69E4-8B49-212B09B47B2F}.InEditor|WindowsStandalone32.ActiveCfg = InEditor|WindowsStandalone32
		{6055BE8E-BEFD-69E4-8B49-212B09B47B2F}.InEditor|WindowsStandalone64.ActiveCfg = InEditor|WindowsStandalone64
		{6055BE8E-BEFD-69E4-8B49-212B09B47B2F}.InEditor|WSA.ActiveCfg = InEditor|WSA
		{6055BE8E-BEFD-69E4-8B49-212B09B47B2F}.Player|Android.ActiveCfg = Player|Android
		{6055BE8E-BEFD-69E4-8B49-212B09B47B2F}.Player|iOS.ActiveCfg = Player|iOS
		{6055BE8E-BEFD-69E4-8B49-212B09B47B2F}.Player|WindowsStandalone32.ActiveCfg = Player|WindowsStandalone32
		{6055BE8E-BEFD-69E4-8B49-212B09B47B2F}.Player|WindowsStandalone64.ActiveCfg = Player|WindowsStandalone64
		{6055BE8E-BEFD-69E4-8B49-212B09B47B2F}.Player|WSA.ActiveCfg = Player|WSA
		{15A615C7-33AA-2409-09FE-0B28B0D5143C}.InEditor|Android.ActiveCfg = InEditor|Android
		{15A615C7-33AA-2409-09FE-0B28B0D5143C}.InEditor|iOS.ActiveCfg = InEditor|iOS
		{15A615C7-33AA-2409-09FE-0B28B0D5143C}.InEditor|WindowsStandalone32.ActiveCfg = InEditor|WindowsStandalone32
		{15A615C7-33AA-2409-09FE-0B28B0D5143C}.InEditor|WindowsStandalone64.ActiveCfg = InEditor|WindowsStandalone64
		{15A615C7-33AA-2409-09FE-0B28B0D5143C}.InEditor|WSA.ActiveCfg = InEditor|WSA
		{15A615C7-33AA-2409-09FE-0B28B0D5143C}.Player|Android.ActiveCfg = Player|Android
		{15A615C7-33AA-2409-09FE-0B28B0D5143C}.Player|iOS.ActiveCfg = Player|iOS
		{15A615C7-33AA-2409-09FE-0B28B0D5143C}.Player|WindowsStandalone32.ActiveCfg = Player|WindowsStandalone32
		{15A615C7-33AA-2409-09FE-0B28B0D5143C}.Player|WindowsStandalone64.ActiveCfg = Player|WindowsStandalone64
		{15A615C7-33AA-2409-09FE-0B28B0D5143C}.Player|WSA.ActiveCfg = Player|WSA
		{645165C8-1694-74BF-BBEB-8FB0BCFD26F5}.InEditor|Android.ActiveCfg = InEditor|Android
		{645165C8-1694-74BF-BBEB-8FB0BCFD26F5}.InEditor|iOS.ActiveCfg = InEditor|iOS
		{645165C8-1694-74BF-BBEB-8FB0BCFD26F5}.InEditor|WindowsStandalone32.ActiveCfg = InEditor|WindowsStandalone32
		{645165C8-1694-74BF-BBEB-8FB0BCFD26F5}.InEditor|WindowsStandalone64.ActiveCfg = InEditor|WindowsStandalone64
		{645165C8-1694-74BF-BBEB-8FB0BCFD26F5}.InEditor|WSA.ActiveCfg = InEditor|WSA
		{645165C8-1694-74BF-BBEB-8FB0BCFD26F5}.Player|Android.ActiveCfg = Player|Android
		{645165C8-1694-74BF-BBEB-8FB0BCFD26F5}.Player|iOS.ActiveCfg = Player|iOS
		{645165C8-1694-74BF-BBEB-8FB0BCFD26F5}.Player|WindowsStandalone32.ActiveCfg = Player|WindowsStandalone32
		{645165C8-1694-74BF-BBEB-8FB0BCFD26F5}.Player|WindowsStandalone64.ActiveCfg = Player|WindowsStandalone64
		{645165C8-1694-74BF-BBEB-8FB0BCFD26F5}.Player|WSA.ActiveCfg = Player|WSA
		{0DF1F49A-50F1-5354-5BF9-9E3DBB6674AD}.InEditor|Android.ActiveCfg = InEditor|Android
		{0DF1F49A-50F1-5354-5BF9-9E3DBB6674AD}.InEditor|iOS.ActiveCfg = InEditor|iOS
		{0DF1F49A-50F1-5354-5BF9-9E3DBB6674AD}.InEditor|WindowsStandalone32.ActiveCfg = InEditor|WindowsStandalone32
		{0DF1F49A-50F1-5354-5BF9-9E3DBB6674AD}.InEditor|WindowsStandalone64.ActiveCfg = InEditor|WindowsStandalone64
		{0DF1F49A-50F1-5354-5BF9-9E3DBB6674AD}.InEditor|WSA.ActiveCfg = InEditor|WSA
		{0DF1F49A-50F1-5354-5BF9-9E3DBB6674AD}.Player|Android.ActiveCfg = Player|Android
		{0DF1F49A-50F1-5354-5BF9-9E3DBB6674AD}.Player|iOS.ActiveCfg = Player|iOS
		{0DF1F49A-50F1-5354-5BF9-9E3DBB6674AD}.Player|WindowsStandalone32.ActiveCfg = Player|WindowsStandalone32
		{0DF1F49A-50F1-5354-5BF9-9E3DBB6674AD}.Player|WindowsStandalone64.ActiveCfg = Player|WindowsStandalone64
		{0DF1F49A-50F1-5354-5BF9-9E3DBB6674AD}.Player|WSA.ActiveCfg = Player|WSA
		{0FDA7EBE-61AB-2164-383D-10E32EFB9C6E}.InEditor|Android.ActiveCfg = InEditor|Android
		{0FDA7EBE-61AB-2164-383D-10E32EFB9C6E}.InEditor|iOS.ActiveCfg = InEditor|iOS
		{0FDA7EBE-61AB-2164-383D-10E32EFB9C6E}.InEditor|WindowsStandalone32.ActiveCfg = InEditor|WindowsStandalone32
		{0FDA7EBE-61AB-2164-383D-10E32EFB9C6E}.InEditor|WindowsStandalone64.ActiveCfg = InEditor|WindowsStandalone64
		{0FDA7EBE-61AB-2164-383D-10E32EFB9C6E}.InEditor|WSA.ActiveCfg = InEditor|WSA
		{0FDA7EBE-61AB-2164-383D-10E32EFB9C6E}.Player|Android.ActiveCfg = Player|Android
		{0FDA7EBE-61AB-2164-383D-10E32EFB9C6E}.Player|iOS.ActiveCfg = Player|iOS
		{0FDA7EBE-61AB-2164-383D-10E32EFB9C6E}.Player|WindowsStandalone32.ActiveCfg = Player|WindowsStandalone32
		{0FDA7EBE-61AB-2164-383D-10E32EFB9C6E}.Player|WindowsStandalone64.ActiveCfg = Player|WindowsStandalone64
		{0FDA7EBE-61AB-2164-383D-10E32EFB9C6E}.Player|WSA.ActiveCfg = Player|WSA
		{6546D776-5B41-65B4-0850-B3667F981C26}.InEditor|Android.ActiveCfg = InEditor|Android
		{6546D776-5B41-65B4-0850-B3667F981C26}.InEditor|iOS.ActiveCfg = InEditor|iOS
		{6546D776-5B41-65B4-0850-B3667F981C26}.InEditor|WindowsStandalone32.ActiveCfg = InEditor|WindowsStandalone32
		{6546D776-5B41-65B4-0850-B3667F981C26}.InEditor|WindowsStandalone64.ActiveCfg = InEditor|WindowsStandalone64
		{6546D776-5B41-65B4-0850-B3667F981C26}.InEditor|WSA.ActiveCfg = InEditor|WSA
		{6546D776-5B41-65B4-0850-B3667F981C26}.Player|Android.ActiveCfg = Player|Android
		{6546D776-5B41-65B4-0850-B3667F981C26}.Player|iOS.ActiveCfg = Player|iOS
		{6546D776-5B41-65B4-0850-B3667F981C26}.Player|WindowsStandalone32.ActiveCfg = Player|WindowsStandalone32
		{6546D776-5B41-65B4-0850-B3667F981C26}.Player|WindowsStandalone64.ActiveCfg = Player|WindowsStandalone64
		{6546D776-5B41-65B4-0850-B3667F981C26}.Player|WSA.ActiveCfg = Player|WSA
		{85B9B1C4-2EF7-4E7E-89AC-93CC8F622A53}.InEditor|Android.ActiveCfg = InEditor|Android
		{85B9B1C4-2EF7-4E7E-89AC-93CC8F622A53}.InEditor|iOS.ActiveCfg = InEditor|iOS
		{85B9B1C4-2EF7-4E7E-89AC-93CC8F622A53}.InEditor|WindowsStandalone32.ActiveCfg = InEditor|WindowsStandalone32
		{85B9B1C4-2EF7-4E7E-89AC-93CC8F622A53}.InEditor|WindowsStandalone64.ActiveCfg = InEditor|WindowsStandalone64
		{85B9B1C4-2EF7-4E7E-89AC-93CC8F622A53}.InEditor|WSA.ActiveCfg = InEditor|WSA
		{85B9B1C4-2EF7-4E7E-89AC-93CC8F622A53}.Player|Android.ActiveCfg = Player|Android
		{85B9B1C4-2EF7-4E7E-89AC-93CC8F622A53}.Player|iOS.ActiveCfg = Player|iOS
		{85B9B1C4-2EF7-4E7E-89AC-93CC8F622A53}.Player|WindowsStandalone32.ActiveCfg = Player|WindowsStandalone32
		{85B9B1C4-2EF7-4E7E-89AC-93CC8F622A53}.Player|WindowsStandalone64.ActiveCfg = Player|WindowsStandalone64
		{85B9B1C4-2EF7-4E7E-89AC-93CC8F622A53}.Player|WSA.ActiveCfg = Player|WSA
		{6055BE8E-BEFD-69E4-8B49-212B09B47B2F}.InEditor|Android.Build.0 = InEditor|Android
		{6055BE8E-BEFD-69E4-8B49-212B09B47B2F}.InEditor|iOS.Build.0 = InEditor|iOS
		{6055BE8E-BEFD-69E4-8B49-212B09B47B2F}.InEditor|WindowsStandalone32.Build.0 = InEditor|WindowsStandalone32
		{6055BE8E-BEFD-69E4-8B49-212B09B47B2F}.InEditor|WindowsStandalone64.Build.0 = InEditor|WindowsStandalone64
		{6055BE8E-BEFD-69E4-8B49-212B09B47B2F}.InEditor|WSA.Build.0 = InEditor|WSA
		{6055BE8E-BEFD-69E4-8B49-212B09B47B2F}.Player|Android.Build.0 = Player|Android
		{6055BE8E-BEFD-69E4-8B49-212B09B47B2F}.Player|iOS.Build.0 = Player|iOS
		{6055BE8E-BEFD-69E4-8B49-212B09B47B2F}.Player|WindowsStandalone32.Build.0 = Player|WindowsStandalone32
		{6055BE8E-BEFD-69E4-8B49-212B09B47B2F}.Player|WindowsStandalone64.Build.0 = Player|WindowsStandalone64
		{6055BE8E-BEFD-69E4-8B49-212B09B47B2F}.Player|WSA.Build.0 = Player|WSA
		{15A615C7-33AA-2409-09FE-0B28B0D5143C}.InEditor|Android.Build.0 = InEditor|Android
		{15A615C7-33AA-2409-09FE-0B28B0D5143C}.InEditor|iOS.Build.0 = InEditor|iOS
		{15A615C7-33AA-2409-09FE-0B28B0D5143C}.InEditor|WindowsStandalone32.Build.0 = InEditor|WindowsStandalone32
		{15A615C7-33AA-2409-09FE-0B28B0D5143C}.InEditor|WindowsStandalone64.Build.0 = InEditor|WindowsStandalone64
		{15A615C7-33AA-2409-09FE-0B28B0D5143C}.InEditor|WSA.Build.0 = InEditor|WSA
		{645165C8-1694-74BF-BBEB-8FB0BCFD26F5}.InEditor|Android.Build.0 = InEditor|Android
		{645165C8-1694-74BF-BBEB-8FB0BCFD26F5}.InEditor|iOS.Build.0 = InEditor|iOS
		{645165C8-1694-74BF-BBEB-8FB0BCFD26F5}.InEditor|WindowsStandalone32.Build.0 = InEditor|WindowsStandalone32
		{645165C8-1694-74BF-BBEB-8FB0BCFD26F5}.InEditor|WindowsStandalone64.Build.0 = InEditor|WindowsStandalone64
		{645165C8-1694-74BF-BBEB-8FB0BCFD26F5}.InEditor|WSA.Build.0 = InEditor|WSA
		{0DF1F49A-50F1-5354-5BF9-9E3DBB6674AD}.InEditor|Android.Build.0 = InEditor|Android
		{0DF1F49A-50F1-5354-5BF9-9E3DBB6674AD}.InEditor|iOS.Build.0 = InEditor|iOS
		{0DF1F49A-50F1-5354-5BF9-9E3DBB6674AD}.InEditor|WindowsStandalone32.Build.0 = InEditor|WindowsStandalone32
		{0DF1F49A-50F1-5354-5BF9-9E3DBB6674AD}.InEditor|WindowsStandalone64.Build.0 = InEditor|WindowsStandalone64
		{0DF1F49A-50F1-5354-5BF9-9E3DBB6674AD}.InEditor|WSA.Build.0 = InEditor|WSA
		{0FDA7EBE-61AB-2164-383D-10E32EFB9C6E}.InEditor|Android.Build.0 = InEditor|Android
		{0FDA7EBE-61AB-2164-383D-10E32EFB9C6E}.InEditor|iOS.Build.0 = InEditor|iOS
		{0FDA7EBE-61AB-2164-383D-10E32EFB9C6E}.InEditor|WindowsStandalone32.Build.0 = InEditor|WindowsStandalone32
		{0FDA7EBE-61AB-2164-383D-10E32EFB9C6E}.InEditor|WindowsStandalone64.Build.0 = InEditor|WindowsStandalone64
		{0FDA7EBE-61AB-2164-383D-10E32EFB9C6E}.InEditor|WSA.Build.0 = InEditor|WSA
		{0FDA7EBE-61AB-2164-383D-10E32EFB9C6E}.Player|Android.Build.0 = Player|Android
		{0FDA7EBE-61AB-2164-383D-10E32EFB9C6E}.Player|iOS.Build.0 = Player|iOS
		{0FDA7EBE-61AB-2164-383D-10E32EFB9C6E}.Player|WindowsStandalone32.Build.0 = Player|WindowsStandalone32
		{0FDA7EBE-61AB-2164-383D-10E32EFB9C6E}.Player|WindowsStandalone64.Build.0 = Player|WindowsStandalone64
		{0FDA7EBE-61AB-2164-383D-10E32EFB9C6E}.Player|WSA.Build.0 = Player|WSA
		{6546D776-5B41-65B4-0850-B3667F981C26}.InEditor|Android.Build.0 = InEditor|Android
		{6546D776-5B41-65B4-0850-B3667F981C26}.InEditor|iOS.Build.0 = InEditor|iOS
		{6546D776-5B41-65B4-0850-B3667F981C26}.InEditor|WindowsStandalone32.Build.0 = InEditor|WindowsStandalone32
		{6546D776-5B41-65B4-0850-B3667F981C26}.InEditor|WindowsStandalone64.Build.0 = InEditor|WindowsStandalone64
		{6546D776-5B41-65B4-0850-B3667F981C26}.InEditor|WSA.Build.0 = InEditor|WSA
		{85B9B1C4-2EF7-4E7E-89AC-93CC8F622A53}.InEditor|Android.Build.0 = InEditor|Android
		{85B9B1C4-2EF7-4E7E-89AC-93CC8F622A53}.InEditor|iOS.Build.0 = InEditor|iOS
		{85B9B1C4-2EF7-4E7E-89AC-93CC8F622A53}.InEditor|WindowsStandalone32.Build.0 = InEditor|WindowsStandalone32
		{85B9B1C4-2EF7-4E7E-89AC-93CC8F622A53}.InEditor|WindowsStandalone64.Build.0 = InEditor|WindowsStandalone64
		{85B9B1C4-2EF7-4E7E-89AC-93CC8F622A53}.InEditor|WSA.Build.0 = InEditor|WSA
		{85B9B1C4-2EF7-4E7E-89AC-93CC8F622A53}.Player|Android.Build.0 = Player|Android
		{85B9B1C4-2EF7-4E7E-89AC-93CC8F622A53}.Player|iOS.Build.0 = Player|iOS
		{85B9B1C4-2EF7-4E7E-89AC-93CC8F622A53}.Player|WindowsStandalone32.Build.0 = Player|WindowsStandalone32
		{85B9B1C4-2EF7-4E7E-89AC-93CC8F622A53}.Player|WindowsStandalone64.Build.0 = Player|WindowsStandalone64
		{85B9B1C4-2EF7-4E7E-89AC-93CC8F622A53}.Player|WSA.Build.0 = Player|WSA
	EndGlobalSection
	GlobalSection(SolutionProperties) = preSolution
		HideSolutionNode = FALSE
	EndGlobalSection
	GlobalSection(NestedProjects) = preSolution
		{6055BE8E-BEFD-69E4-8B49-212B09B47B2F} = {41C0EB52-26E7-4471-8EC6-FAB5A48CB82D}
		{15A615C7-33AA-2409-09FE-0B28B0D5143C} = {41C0EB52-26E7-4471-8EC6-FAB5A48CB82D}
		{645165C8-1694-74BF-BBEB-8FB0BCFD26F5} = {41C0EB52-26E7-4471-8EC6-FAB5A48CB82D}
		{0FDA7EBE-61AB-2164-383D-10E32EFB9C6E} = {41C0EB52-26E7-4471-8EC6-FAB5A48CB82D}
		{6546D776-5B41-65B4-0850-B3667F981C26} = {41C0EB52-26E7-4471-8EC6-FAB5A48CB82D}
		{0DF1F49A-50F1-5354-5BF9-9E3DBB6674AD} = {C911C9B9-6B33-4AD3-8721-5834A69061D5}
	EndGlobalSection
	GlobalSection(ExtensibilityGlobals) = postSolution
		SolutionGuid = {89752EEF-6413-4D53-BA9D-DCA0707F134E}
	EndGlobalSection
EndGlobal
