Microsoft Visual Studio Solution File, Format Version 12.00
# Visual Studio 15
VisualStudioVersion = 15.0.28307.539
MinimumVisualStudioVersion = 10.0.40219.1
Project("{9A19103F-16F7-4668-BE54-9A1E7A4F7556}") = "Component.WSA.msb4u", "WSASpecific\Component.WSA.msb4u.csproj", "{BB41A40A-FD6B-AD74-0865-83AB52977BDC}"
EndProject
Project("{9A19103F-16F7-4668-BE54-9A1E7A4F7556}") = "Unity.TextMeshPro.msb4u", "..\MSBuild\Projects\Unity.TextMeshPro.msb4u.csproj", "{6055BE8E-BEFD-69E4-8B49-212B09B47B2F}"
EndProject
Project("{9A19103F-16F7-4668-BE54-9A1E7A4F7556}") = "Unity.PackageManagerUI.Editor.msb4u", "..\MSBuild\Projects\Unity.PackageManagerUI.Editor.msb4u.csproj", "{15A615C7-33AA-2409-09FE-0B28B0D5143C}"
EndProject
Project("{9A19103F-16F7-4668-BE54-9A1E7A4F7556}") = "Unity.CollabProxy.Editor.msb4u", "..\MSBuild\Projects\Unity.CollabProxy.Editor.msb4u.csproj", "{645165C8-1694-74BF-BBEB-8FB0BCFD26F5}"
EndProject
Project("{9A19103F-16F7-4668-BE54-9A1E7A4F7556}") = "MSBuildForUnity.msb4u", "..\MSBuild\Projects\MSBuildForUnity.msb4u.csproj", "{0DF1F49A-50F1-5354-5BF9-9E3DBB6674AD}"
EndProject
Project("{9A19103F-16F7-4668-BE54-9A1E7A4F7556}") = "Unity.Analytics.DataPrivacy.msb4u", "..\MSBuild\Projects\Unity.Analytics.DataPrivacy.msb4u.csproj", "{0FDA7EBE-61AB-2164-383D-10E32EFB9C6E}"
EndProject
Project("{9A19103F-16F7-4668-BE54-9A1E7A4F7556}") = "Unity.TextMeshPro.Editor.msb4u", "..\MSBuild\Projects\Unity.TextMeshPro.Editor.msb4u.csproj", "{6546D776-5B41-65B4-0850-B3667F981C26}"
	ProjectSection(ProjectDependencies) = postProject
		{6055BE8E-BEFD-69E4-8B49-212B09B47B2F} = {6055BE8E-BEFD-69E4-8B49-212B09B47B2F}
	EndProjectSection
EndProject
Project("{9A19103F-16F7-4668-BE54-9A1E7A4F7556}") = "Assembly-CSharp.msb4u", "Assembly-CSharp.msb4u.csproj", "{4989D6C6-D8B3-4556-B4A9-06093DED68AD}"
	ProjectSection(ProjectDependencies) = postProject
		{6546D776-5B41-65B4-0850-B3667F981C26} = {6546D776-5B41-65B4-0850-B3667F981C26}
		{15A615C7-33AA-2409-09FE-0B28B0D5143C} = {15A615C7-33AA-2409-09FE-0B28B0D5143C}
		{645165C8-1694-74BF-BBEB-8FB0BCFD26F5} = {645165C8-1694-74BF-BBEB-8FB0BCFD26F5}
		{BB41A40A-FD6B-AD74-0865-83AB52977BDC} = {BB41A40A-FD6B-AD74-0865-83AB52977BDC}
		{0DF1F49A-50F1-5354-5BF9-9E3DBB6674AD} = {0DF1F49A-50F1-5354-5BF9-9E3DBB6674AD}
		{6055BE8E-BEFD-69E4-8B49-212B09B47B2F} = {6055BE8E-BEFD-69E4-8B49-212B09B47B2F}
		{0FDA7EBE-61AB-2164-383D-10E32EFB9C6E} = {0FDA7EBE-61AB-2164-383D-10E32EFB9C6E}
	EndProjectSection
EndProject
Project("{9A19103F-16F7-4668-BE54-9A1E7A4F7556}") = "Dependencies.msb4u", "Dependencies.msb4u.csproj", "{0D77AB82-D4EB-4034-AC54-4CA04D06906C}"
EndProject
Project("{9A19103F-16F7-4668-BE54-9A1E7A4F7556}") = "CommonLibrary", "..\External\CommonLibrary\CommonLibrary.csproj", "{D36DD91A-2347-4BE3-BDAD-E72898C014BA}"
EndProject
Project("{9A19103F-16F7-4668-BE54-9A1E7A4F7556}") = "CommonLibrary.WSA", "..\External\CommonLibrary.WSA\CommonLibrary.WSA.csproj", "{06FDDF06-41BA-47F3-863F-E426A80C69A8}"
EndProject
Project("{2150E333-8FDC-42A3-9474-1A3956D46DE8}") = "Imported Packages", "Imported Packages", "{F0962E2E-3201-42A4-90A4-4BD07B8D0413}"
EndProject
Project("{2150E333-8FDC-42A3-9474-1A3956D46DE8}") = "External Packages", "External Packages", "{02CFE9B1-8003-483F-802B-F2ACC2E2C82B}"
EndProject
Project("{2150E333-8FDC-42A3-9474-1A3956D46DE8}") = "External", "External", "{9D69A397-2F47-459D-B35F-C5D0C9D588B8}"
EndProject
Global
	GlobalSection(SolutionConfigurationPlatforms) = preSolution
		Debug|Android = Debug|Android
		Debug|Any CPU = Debug|Any CPU
		Debug|iOS = Debug|iOS
		Debug|WindowsStandalone32 = Debug|WindowsStandalone32
		Debug|WindowsStandalone64 = Debug|WindowsStandalone64
		Debug|WSA = Debug|WSA
		InEditor|Android = InEditor|Android
		InEditor|Any CPU = InEditor|Any CPU
		InEditor|iOS = InEditor|iOS
		InEditor|WindowsStandalone32 = InEditor|WindowsStandalone32
		InEditor|WindowsStandalone64 = InEditor|WindowsStandalone64
		InEditor|WSA = InEditor|WSA
		Player|Android = Player|Android
		Player|Any CPU = Player|Any CPU
		Player|iOS = Player|iOS
		Player|WindowsStandalone32 = Player|WindowsStandalone32
		Player|WindowsStandalone64 = Player|WindowsStandalone64
		Player|WSA = Player|WSA
		Release|Android = Release|Android
		Release|Any CPU = Release|Any CPU
		Release|iOS = Release|iOS
		Release|WindowsStandalone32 = Release|WindowsStandalone32
		Release|WindowsStandalone64 = Release|WindowsStandalone64
		Release|WSA = Release|WSA
	EndGlobalSection
	GlobalSection(ProjectConfigurationPlatforms) = postSolution
		{BB41A40A-FD6B-AD74-0865-83AB52977BDC}.Debug|Android.ActiveCfg = InEditor|Android
		{BB41A40A-FD6B-AD74-0865-83AB52977BDC}.Debug|Any CPU.ActiveCfg = InEditor|Android
		{BB41A40A-FD6B-AD74-0865-83AB52977BDC}.Debug|iOS.ActiveCfg = InEditor|Android
		{BB41A40A-FD6B-AD74-0865-83AB52977BDC}.Debug|WindowsStandalone32.ActiveCfg = InEditor|Android
		{BB41A40A-FD6B-AD74-0865-83AB52977BDC}.Debug|WindowsStandalone64.ActiveCfg = InEditor|Android
		{BB41A40A-FD6B-AD74-0865-83AB52977BDC}.Debug|WSA.ActiveCfg = InEditor|Android
		{BB41A40A-FD6B-AD74-0865-83AB52977BDC}.InEditor|Android.ActiveCfg = InEditor|Android
		{BB41A40A-FD6B-AD74-0865-83AB52977BDC}.InEditor|Android.Build.0 = InEditor|Android
		{BB41A40A-FD6B-AD74-0865-83AB52977BDC}.InEditor|Any CPU.ActiveCfg = InEditor|Android
		{BB41A40A-FD6B-AD74-0865-83AB52977BDC}.InEditor|iOS.ActiveCfg = InEditor|iOS
		{BB41A40A-FD6B-AD74-0865-83AB52977BDC}.InEditor|iOS.Build.0 = InEditor|iOS
		{BB41A40A-FD6B-AD74-0865-83AB52977BDC}.InEditor|WindowsStandalone32.ActiveCfg = InEditor|WindowsStandalone32
		{BB41A40A-FD6B-AD74-0865-83AB52977BDC}.InEditor|WindowsStandalone32.Build.0 = InEditor|WindowsStandalone32
		{BB41A40A-FD6B-AD74-0865-83AB52977BDC}.InEditor|WindowsStandalone64.ActiveCfg = InEditor|WindowsStandalone64
		{BB41A40A-FD6B-AD74-0865-83AB52977BDC}.InEditor|WindowsStandalone64.Build.0 = InEditor|WindowsStandalone64
		{BB41A40A-FD6B-AD74-0865-83AB52977BDC}.InEditor|WSA.ActiveCfg = InEditor|WSA
		{BB41A40A-FD6B-AD74-0865-83AB52977BDC}.InEditor|WSA.Build.0 = InEditor|WSA
		{BB41A40A-FD6B-AD74-0865-83AB52977BDC}.Player|Android.ActiveCfg = Player|WSA
		{BB41A40A-FD6B-AD74-0865-83AB52977BDC}.Player|Any CPU.ActiveCfg = Player|WSA
		{BB41A40A-FD6B-AD74-0865-83AB52977BDC}.Player|iOS.ActiveCfg = Player|WSA
		{BB41A40A-FD6B-AD74-0865-83AB52977BDC}.Player|WindowsStandalone32.ActiveCfg = Player|WSA
		{BB41A40A-FD6B-AD74-0865-83AB52977BDC}.Player|WindowsStandalone64.ActiveCfg = Player|WSA
		{BB41A40A-FD6B-AD74-0865-83AB52977BDC}.Player|WSA.ActiveCfg = Player|WSA
		{BB41A40A-FD6B-AD74-0865-83AB52977BDC}.Player|WSA.Build.0 = Player|WSA
		{BB41A40A-FD6B-AD74-0865-83AB52977BDC}.Release|Android.ActiveCfg = InEditor|Android
		{BB41A40A-FD6B-AD74-0865-83AB52977BDC}.Release|Any CPU.ActiveCfg = InEditor|Android
		{BB41A40A-FD6B-AD74-0865-83AB52977BDC}.Release|iOS.ActiveCfg = InEditor|Android
		{BB41A40A-FD6B-AD74-0865-83AB52977BDC}.Release|WindowsStandalone32.ActiveCfg = InEditor|Android
		{BB41A40A-FD6B-AD74-0865-83AB52977BDC}.Release|WindowsStandalone64.ActiveCfg = InEditor|Android
		{BB41A40A-FD6B-AD74-0865-83AB52977BDC}.Release|WSA.ActiveCfg = InEditor|Android
		{6055BE8E-BEFD-69E4-8B49-212B09B47B2F}.Debug|Android.ActiveCfg = InEditor|Android
		{6055BE8E-BEFD-69E4-8B49-212B09B47B2F}.Debug|Any CPU.ActiveCfg = InEditor|Android
		{6055BE8E-BEFD-69E4-8B49-212B09B47B2F}.Debug|iOS.ActiveCfg = InEditor|Android
		{6055BE8E-BEFD-69E4-8B49-212B09B47B2F}.Debug|WindowsStandalone32.ActiveCfg = InEditor|Android
		{6055BE8E-BEFD-69E4-8B49-212B09B47B2F}.Debug|WindowsStandalone64.ActiveCfg = InEditor|Android
		{6055BE8E-BEFD-69E4-8B49-212B09B47B2F}.Debug|WSA.ActiveCfg = InEditor|Android
		{6055BE8E-BEFD-69E4-8B49-212B09B47B2F}.InEditor|Android.ActiveCfg = InEditor|Android
		{6055BE8E-BEFD-69E4-8B49-212B09B47B2F}.InEditor|Android.Build.0 = InEditor|Android
		{6055BE8E-BEFD-69E4-8B49-212B09B47B2F}.InEditor|Any CPU.ActiveCfg = InEditor|Android
		{6055BE8E-BEFD-69E4-8B49-212B09B47B2F}.InEditor|iOS.ActiveCfg = InEditor|iOS
		{6055BE8E-BEFD-69E4-8B49-212B09B47B2F}.InEditor|iOS.Build.0 = InEditor|iOS
		{6055BE8E-BEFD-69E4-8B49-212B09B47B2F}.InEditor|WindowsStandalone32.ActiveCfg = InEditor|WindowsStandalone32
		{6055BE8E-BEFD-69E4-8B49-212B09B47B2F}.InEditor|WindowsStandalone32.Build.0 = InEditor|WindowsStandalone32
		{6055BE8E-BEFD-69E4-8B49-212B09B47B2F}.InEditor|WindowsStandalone64.ActiveCfg = InEditor|WindowsStandalone64
		{6055BE8E-BEFD-69E4-8B49-212B09B47B2F}.InEditor|WindowsStandalone64.Build.0 = InEditor|WindowsStandalone64
		{6055BE8E-BEFD-69E4-8B49-212B09B47B2F}.InEditor|WSA.ActiveCfg = InEditor|WSA
		{6055BE8E-BEFD-69E4-8B49-212B09B47B2F}.InEditor|WSA.Build.0 = InEditor|WSA
		{6055BE8E-BEFD-69E4-8B49-212B09B47B2F}.Player|Android.ActiveCfg = Player|Android
		{6055BE8E-BEFD-69E4-8B49-212B09B47B2F}.Player|Android.Build.0 = Player|Android
		{6055BE8E-BEFD-69E4-8B49-212B09B47B2F}.Player|Any CPU.ActiveCfg = Player|Android
		{6055BE8E-BEFD-69E4-8B49-212B09B47B2F}.Player|iOS.ActiveCfg = Player|iOS
		{6055BE8E-BEFD-69E4-8B49-212B09B47B2F}.Player|iOS.Build.0 = Player|iOS
		{6055BE8E-BEFD-69E4-8B49-212B09B47B2F}.Player|WindowsStandalone32.ActiveCfg = Player|WindowsStandalone32
		{6055BE8E-BEFD-69E4-8B49-212B09B47B2F}.Player|WindowsStandalone32.Build.0 = Player|WindowsStandalone32
		{6055BE8E-BEFD-69E4-8B49-212B09B47B2F}.Player|WindowsStandalone64.ActiveCfg = Player|WindowsStandalone64
		{6055BE8E-BEFD-69E4-8B49-212B09B47B2F}.Player|WindowsStandalone64.Build.0 = Player|WindowsStandalone64
		{6055BE8E-BEFD-69E4-8B49-212B09B47B2F}.Player|WSA.ActiveCfg = Player|WSA
		{6055BE8E-BEFD-69E4-8B49-212B09B47B2F}.Player|WSA.Build.0 = Player|WSA
		{6055BE8E-BEFD-69E4-8B49-212B09B47B2F}.Release|Android.ActiveCfg = InEditor|Android
		{6055BE8E-BEFD-69E4-8B49-212B09B47B2F}.Release|Any CPU.ActiveCfg = InEditor|Android
		{6055BE8E-BEFD-69E4-8B49-212B09B47B2F}.Release|iOS.ActiveCfg = InEditor|Android
		{6055BE8E-BEFD-69E4-8B49-212B09B47B2F}.Release|WindowsStandalone32.ActiveCfg = InEditor|Android
		{6055BE8E-BEFD-69E4-8B49-212B09B47B2F}.Release|WindowsStandalone64.ActiveCfg = InEditor|Android
		{6055BE8E-BEFD-69E4-8B49-212B09B47B2F}.Release|WSA.ActiveCfg = InEditor|Android
		{15A615C7-33AA-2409-09FE-0B28B0D5143C}.Debug|Android.ActiveCfg = InEditor|Android
		{15A615C7-33AA-2409-09FE-0B28B0D5143C}.Debug|Any CPU.ActiveCfg = InEditor|Android
		{15A615C7-33AA-2409-09FE-0B28B0D5143C}.Debug|iOS.ActiveCfg = InEditor|Android
		{15A615C7-33AA-2409-09FE-0B28B0D5143C}.Debug|WindowsStandalone32.ActiveCfg = InEditor|Android
		{15A615C7-33AA-2409-09FE-0B28B0D5143C}.Debug|WindowsStandalone64.ActiveCfg = InEditor|Android
		{15A615C7-33AA-2409-09FE-0B28B0D5143C}.Debug|WSA.ActiveCfg = InEditor|Android
		{15A615C7-33AA-2409-09FE-0B28B0D5143C}.InEditor|Android.ActiveCfg = InEditor|Android
		{15A615C7-33AA-2409-09FE-0B28B0D5143C}.InEditor|Android.Build.0 = InEditor|Android
		{15A615C7-33AA-2409-09FE-0B28B0D5143C}.InEditor|Any CPU.ActiveCfg = InEditor|Android
		{15A615C7-33AA-2409-09FE-0B28B0D5143C}.InEditor|iOS.ActiveCfg = InEditor|iOS
		{15A615C7-33AA-2409-09FE-0B28B0D5143C}.InEditor|iOS.Build.0 = InEditor|iOS
		{15A615C7-33AA-2409-09FE-0B28B0D5143C}.InEditor|WindowsStandalone32.ActiveCfg = InEditor|WindowsStandalone32
		{15A615C7-33AA-2409-09FE-0B28B0D5143C}.InEditor|WindowsStandalone32.Build.0 = InEditor|WindowsStandalone32
		{15A615C7-33AA-2409-09FE-0B28B0D5143C}.InEditor|WindowsStandalone64.ActiveCfg = InEditor|WindowsStandalone64
		{15A615C7-33AA-2409-09FE-0B28B0D5143C}.InEditor|WindowsStandalone64.Build.0 = InEditor|WindowsStandalone64
		{15A615C7-33AA-2409-09FE-0B28B0D5143C}.InEditor|WSA.ActiveCfg = InEditor|WSA
		{15A615C7-33AA-2409-09FE-0B28B0D5143C}.InEditor|WSA.Build.0 = InEditor|WSA
		{15A615C7-33AA-2409-09FE-0B28B0D5143C}.Player|Android.ActiveCfg = InEditor|Android
		{15A615C7-33AA-2409-09FE-0B28B0D5143C}.Player|Any CPU.ActiveCfg = InEditor|Android
		{15A615C7-33AA-2409-09FE-0B28B0D5143C}.Player|iOS.ActiveCfg = InEditor|Android
		{15A615C7-33AA-2409-09FE-0B28B0D5143C}.Player|WindowsStandalone32.ActiveCfg = InEditor|Android
		{15A615C7-33AA-2409-09FE-0B28B0D5143C}.Player|WindowsStandalone64.ActiveCfg = InEditor|Android
		{15A615C7-33AA-2409-09FE-0B28B0D5143C}.Player|WSA.ActiveCfg = InEditor|Android
		{15A615C7-33AA-2409-09FE-0B28B0D5143C}.Release|Android.ActiveCfg = InEditor|Android
		{15A615C7-33AA-2409-09FE-0B28B0D5143C}.Release|Any CPU.ActiveCfg = InEditor|Android
		{15A615C7-33AA-2409-09FE-0B28B0D5143C}.Release|iOS.ActiveCfg = InEditor|Android
		{15A615C7-33AA-2409-09FE-0B28B0D5143C}.Release|WindowsStandalone32.ActiveCfg = InEditor|Android
		{15A615C7-33AA-2409-09FE-0B28B0D5143C}.Release|WindowsStandalone64.ActiveCfg = InEditor|Android
		{15A615C7-33AA-2409-09FE-0B28B0D5143C}.Release|WSA.ActiveCfg = InEditor|Android
		{645165C8-1694-74BF-BBEB-8FB0BCFD26F5}.Debug|Android.ActiveCfg = InEditor|Android
		{645165C8-1694-74BF-BBEB-8FB0BCFD26F5}.Debug|Any CPU.ActiveCfg = InEditor|Android
		{645165C8-1694-74BF-BBEB-8FB0BCFD26F5}.Debug|iOS.ActiveCfg = InEditor|Android
		{645165C8-1694-74BF-BBEB-8FB0BCFD26F5}.Debug|WindowsStandalone32.ActiveCfg = InEditor|Android
		{645165C8-1694-74BF-BBEB-8FB0BCFD26F5}.Debug|WindowsStandalone64.ActiveCfg = InEditor|Android
		{645165C8-1694-74BF-BBEB-8FB0BCFD26F5}.Debug|WSA.ActiveCfg = InEditor|Android
		{645165C8-1694-74BF-BBEB-8FB0BCFD26F5}.InEditor|Android.ActiveCfg = InEditor|Android
		{645165C8-1694-74BF-BBEB-8FB0BCFD26F5}.InEditor|Android.Build.0 = InEditor|Android
		{645165C8-1694-74BF-BBEB-8FB0BCFD26F5}.InEditor|Any CPU.ActiveCfg = InEditor|Android
		{645165C8-1694-74BF-BBEB-8FB0BCFD26F5}.InEditor|iOS.ActiveCfg = InEditor|iOS
		{645165C8-1694-74BF-BBEB-8FB0BCFD26F5}.InEditor|iOS.Build.0 = InEditor|iOS
		{645165C8-1694-74BF-BBEB-8FB0BCFD26F5}.InEditor|WindowsStandalone32.ActiveCfg = InEditor|WindowsStandalone32
		{645165C8-1694-74BF-BBEB-8FB0BCFD26F5}.InEditor|WindowsStandalone32.Build.0 = InEditor|WindowsStandalone32
		{645165C8-1694-74BF-BBEB-8FB0BCFD26F5}.InEditor|WindowsStandalone64.ActiveCfg = InEditor|WindowsStandalone64
		{645165C8-1694-74BF-BBEB-8FB0BCFD26F5}.InEditor|WindowsStandalone64.Build.0 = InEditor|WindowsStandalone64
		{645165C8-1694-74BF-BBEB-8FB0BCFD26F5}.InEditor|WSA.ActiveCfg = InEditor|WSA
		{645165C8-1694-74BF-BBEB-8FB0BCFD26F5}.InEditor|WSA.Build.0 = InEditor|WSA
		{645165C8-1694-74BF-BBEB-8FB0BCFD26F5}.Player|Android.ActiveCfg = InEditor|Android
		{645165C8-1694-74BF-BBEB-8FB0BCFD26F5}.Player|Any CPU.ActiveCfg = InEditor|Android
		{645165C8-1694-74BF-BBEB-8FB0BCFD26F5}.Player|iOS.ActiveCfg = InEditor|Android
		{645165C8-1694-74BF-BBEB-8FB0BCFD26F5}.Player|WindowsStandalone32.ActiveCfg = InEditor|Android
		{645165C8-1694-74BF-BBEB-8FB0BCFD26F5}.Player|WindowsStandalone64.ActiveCfg = InEditor|Android
		{645165C8-1694-74BF-BBEB-8FB0BCFD26F5}.Player|WSA.ActiveCfg = InEditor|Android
		{645165C8-1694-74BF-BBEB-8FB0BCFD26F5}.Release|Android.ActiveCfg = InEditor|Android
		{645165C8-1694-74BF-BBEB-8FB0BCFD26F5}.Release|Any CPU.ActiveCfg = InEditor|Android
		{645165C8-1694-74BF-BBEB-8FB0BCFD26F5}.Release|iOS.ActiveCfg = InEditor|Android
		{645165C8-1694-74BF-BBEB-8FB0BCFD26F5}.Release|WindowsStandalone32.ActiveCfg = InEditor|Android
		{645165C8-1694-74BF-BBEB-8FB0BCFD26F5}.Release|WindowsStandalone64.ActiveCfg = InEditor|Android
		{645165C8-1694-74BF-BBEB-8FB0BCFD26F5}.Release|WSA.ActiveCfg = InEditor|Android
		{0DF1F49A-50F1-5354-5BF9-9E3DBB6674AD}.Debug|Android.ActiveCfg = InEditor|Android
		{0DF1F49A-50F1-5354-5BF9-9E3DBB6674AD}.Debug|Any CPU.ActiveCfg = InEditor|Android
		{0DF1F49A-50F1-5354-5BF9-9E3DBB6674AD}.Debug|iOS.ActiveCfg = InEditor|Android
		{0DF1F49A-50F1-5354-5BF9-9E3DBB6674AD}.Debug|WindowsStandalone32.ActiveCfg = InEditor|Android
		{0DF1F49A-50F1-5354-5BF9-9E3DBB6674AD}.Debug|WindowsStandalone64.ActiveCfg = InEditor|Android
		{0DF1F49A-50F1-5354-5BF9-9E3DBB6674AD}.Debug|WSA.ActiveCfg = InEditor|Android
		{0DF1F49A-50F1-5354-5BF9-9E3DBB6674AD}.InEditor|Android.ActiveCfg = InEditor|Android
		{0DF1F49A-50F1-5354-5BF9-9E3DBB6674AD}.InEditor|Android.Build.0 = InEditor|Android
		{0DF1F49A-50F1-5354-5BF9-9E3DBB6674AD}.InEditor|Any CPU.ActiveCfg = InEditor|Android
		{0DF1F49A-50F1-5354-5BF9-9E3DBB6674AD}.InEditor|iOS.ActiveCfg = InEditor|iOS
		{0DF1F49A-50F1-5354-5BF9-9E3DBB6674AD}.InEditor|iOS.Build.0 = InEditor|iOS
		{0DF1F49A-50F1-5354-5BF9-9E3DBB6674AD}.InEditor|WindowsStandalone32.ActiveCfg = InEditor|WindowsStandalone32
		{0DF1F49A-50F1-5354-5BF9-9E3DBB6674AD}.InEditor|WindowsStandalone32.Build.0 = InEditor|WindowsStandalone32
		{0DF1F49A-50F1-5354-5BF9-9E3DBB6674AD}.InEditor|WindowsStandalone64.ActiveCfg = InEditor|WindowsStandalone64
		{0DF1F49A-50F1-5354-5BF9-9E3DBB6674AD}.InEditor|WindowsStandalone64.Build.0 = InEditor|WindowsStandalone64
		{0DF1F49A-50F1-5354-5BF9-9E3DBB6674AD}.InEditor|WSA.ActiveCfg = InEditor|WSA
		{0DF1F49A-50F1-5354-5BF9-9E3DBB6674AD}.InEditor|WSA.Build.0 = InEditor|WSA
		{0DF1F49A-50F1-5354-5BF9-9E3DBB6674AD}.Player|Android.ActiveCfg = InEditor|Android
		{0DF1F49A-50F1-5354-5BF9-9E3DBB6674AD}.Player|Any CPU.ActiveCfg = InEditor|Android
		{0DF1F49A-50F1-5354-5BF9-9E3DBB6674AD}.Player|iOS.ActiveCfg = InEditor|Android
		{0DF1F49A-50F1-5354-5BF9-9E3DBB6674AD}.Player|WindowsStandalone32.ActiveCfg = InEditor|Android
		{0DF1F49A-50F1-5354-5BF9-9E3DBB6674AD}.Player|WindowsStandalone64.ActiveCfg = InEditor|Android
		{0DF1F49A-50F1-5354-5BF9-9E3DBB6674AD}.Player|WSA.ActiveCfg = InEditor|Android
		{0DF1F49A-50F1-5354-5BF9-9E3DBB6674AD}.Release|Android.ActiveCfg = InEditor|Android
		{0DF1F49A-50F1-5354-5BF9-9E3DBB6674AD}.Release|Any CPU.ActiveCfg = InEditor|Android
		{0DF1F49A-50F1-5354-5BF9-9E3DBB6674AD}.Release|iOS.ActiveCfg = InEditor|Android
		{0DF1F49A-50F1-5354-5BF9-9E3DBB6674AD}.Release|WindowsStandalone32.ActiveCfg = InEditor|Android
		{0DF1F49A-50F1-5354-5BF9-9E3DBB6674AD}.Release|WindowsStandalone64.ActiveCfg = InEditor|Android
		{0DF1F49A-50F1-5354-5BF9-9E3DBB6674AD}.Release|WSA.ActiveCfg = InEditor|Android
		{0FDA7EBE-61AB-2164-383D-10E32EFB9C6E}.Debug|Android.ActiveCfg = InEditor|Android
		{0FDA7EBE-61AB-2164-383D-10E32EFB9C6E}.Debug|Any CPU.ActiveCfg = InEditor|Android
		{0FDA7EBE-61AB-2164-383D-10E32EFB9C6E}.Debug|iOS.ActiveCfg = InEditor|Android
		{0FDA7EBE-61AB-2164-383D-10E32EFB9C6E}.Debug|WindowsStandalone32.ActiveCfg = InEditor|Android
		{0FDA7EBE-61AB-2164-383D-10E32EFB9C6E}.Debug|WindowsStandalone64.ActiveCfg = InEditor|Android
		{0FDA7EBE-61AB-2164-383D-10E32EFB9C6E}.Debug|WSA.ActiveCfg = InEditor|Android
		{0FDA7EBE-61AB-2164-383D-10E32EFB9C6E}.InEditor|Android.ActiveCfg = InEditor|Android
		{0FDA7EBE-61AB-2164-383D-10E32EFB9C6E}.InEditor|Android.Build.0 = InEditor|Android
		{0FDA7EBE-61AB-2164-383D-10E32EFB9C6E}.InEditor|Any CPU.ActiveCfg = InEditor|Android
		{0FDA7EBE-61AB-2164-383D-10E32EFB9C6E}.InEditor|iOS.ActiveCfg = InEditor|iOS
		{0FDA7EBE-61AB-2164-383D-10E32EFB9C6E}.InEditor|iOS.Build.0 = InEditor|iOS
		{0FDA7EBE-61AB-2164-383D-10E32EFB9C6E}.InEditor|WindowsStandalone32.ActiveCfg = InEditor|WindowsStandalone32
		{0FDA7EBE-61AB-2164-383D-10E32EFB9C6E}.InEditor|WindowsStandalone32.Build.0 = InEditor|WindowsStandalone32
		{0FDA7EBE-61AB-2164-383D-10E32EFB9C6E}.InEditor|WindowsStandalone64.ActiveCfg = InEditor|WindowsStandalone64
		{0FDA7EBE-61AB-2164-383D-10E32EFB9C6E}.InEditor|WindowsStandalone64.Build.0 = InEditor|WindowsStandalone64
		{0FDA7EBE-61AB-2164-383D-10E32EFB9C6E}.InEditor|WSA.ActiveCfg = InEditor|WSA
		{0FDA7EBE-61AB-2164-383D-10E32EFB9C6E}.InEditor|WSA.Build.0 = InEditor|WSA
		{0FDA7EBE-61AB-2164-383D-10E32EFB9C6E}.Player|Android.ActiveCfg = Player|Android
		{0FDA7EBE-61AB-2164-383D-10E32EFB9C6E}.Player|Android.Build.0 = Player|Android
		{0FDA7EBE-61AB-2164-383D-10E32EFB9C6E}.Player|Any CPU.ActiveCfg = Player|Android
		{0FDA7EBE-61AB-2164-383D-10E32EFB9C6E}.Player|iOS.ActiveCfg = Player|iOS
		{0FDA7EBE-61AB-2164-383D-10E32EFB9C6E}.Player|iOS.Build.0 = Player|iOS
		{0FDA7EBE-61AB-2164-383D-10E32EFB9C6E}.Player|WindowsStandalone32.ActiveCfg = Player|WindowsStandalone32
		{0FDA7EBE-61AB-2164-383D-10E32EFB9C6E}.Player|WindowsStandalone32.Build.0 = Player|WindowsStandalone32
		{0FDA7EBE-61AB-2164-383D-10E32EFB9C6E}.Player|WindowsStandalone64.ActiveCfg = Player|WindowsStandalone64
		{0FDA7EBE-61AB-2164-383D-10E32EFB9C6E}.Player|WindowsStandalone64.Build.0 = Player|WindowsStandalone64
		{0FDA7EBE-61AB-2164-383D-10E32EFB9C6E}.Player|WSA.ActiveCfg = Player|WSA
		{0FDA7EBE-61AB-2164-383D-10E32EFB9C6E}.Player|WSA.Build.0 = Player|WSA
		{0FDA7EBE-61AB-2164-383D-10E32EFB9C6E}.Release|Android.ActiveCfg = InEditor|Android
		{0FDA7EBE-61AB-2164-383D-10E32EFB9C6E}.Release|Any CPU.ActiveCfg = InEditor|Android
		{0FDA7EBE-61AB-2164-383D-10E32EFB9C6E}.Release|iOS.ActiveCfg = InEditor|Android
		{0FDA7EBE-61AB-2164-383D-10E32EFB9C6E}.Release|WindowsStandalone32.ActiveCfg = InEditor|Android
		{0FDA7EBE-61AB-2164-383D-10E32EFB9C6E}.Release|WindowsStandalone64.ActiveCfg = InEditor|Android
		{0FDA7EBE-61AB-2164-383D-10E32EFB9C6E}.Release|WSA.ActiveCfg = InEditor|Android
		{6546D776-5B41-65B4-0850-B3667F981C26}.Debug|Android.ActiveCfg = InEditor|Android
		{6546D776-5B41-65B4-0850-B3667F981C26}.Debug|Any CPU.ActiveCfg = InEditor|Android
		{6546D776-5B41-65B4-0850-B3667F981C26}.Debug|iOS.ActiveCfg = InEditor|Android
		{6546D776-5B41-65B4-0850-B3667F981C26}.Debug|WindowsStandalone32.ActiveCfg = InEditor|Android
		{6546D776-5B41-65B4-0850-B3667F981C26}.Debug|WindowsStandalone64.ActiveCfg = InEditor|Android
		{6546D776-5B41-65B4-0850-B3667F981C26}.Debug|WSA.ActiveCfg = InEditor|Android
		{6546D776-5B41-65B4-0850-B3667F981C26}.InEditor|Android.ActiveCfg = InEditor|Android
		{6546D776-5B41-65B4-0850-B3667F981C26}.InEditor|Android.Build.0 = InEditor|Android
		{6546D776-5B41-65B4-0850-B3667F981C26}.InEditor|Any CPU.ActiveCfg = InEditor|Android
		{6546D776-5B41-65B4-0850-B3667F981C26}.InEditor|iOS.ActiveCfg = InEditor|iOS
		{6546D776-5B41-65B4-0850-B3667F981C26}.InEditor|iOS.Build.0 = InEditor|iOS
		{6546D776-5B41-65B4-0850-B3667F981C26}.InEditor|WindowsStandalone32.ActiveCfg = InEditor|WindowsStandalone32
		{6546D776-5B41-65B4-0850-B3667F981C26}.InEditor|WindowsStandalone32.Build.0 = InEditor|WindowsStandalone32
		{6546D776-5B41-65B4-0850-B3667F981C26}.InEditor|WindowsStandalone64.ActiveCfg = InEditor|WindowsStandalone64
		{6546D776-5B41-65B4-0850-B3667F981C26}.InEditor|WindowsStandalone64.Build.0 = InEditor|WindowsStandalone64
		{6546D776-5B41-65B4-0850-B3667F981C26}.InEditor|WSA.ActiveCfg = InEditor|WSA
		{6546D776-5B41-65B4-0850-B3667F981C26}.InEditor|WSA.Build.0 = InEditor|WSA
		{6546D776-5B41-65B4-0850-B3667F981C26}.Player|Android.ActiveCfg = InEditor|Android
		{6546D776-5B41-65B4-0850-B3667F981C26}.Player|Any CPU.ActiveCfg = InEditor|Android
		{6546D776-5B41-65B4-0850-B3667F981C26}.Player|iOS.ActiveCfg = InEditor|Android
		{6546D776-5B41-65B4-0850-B3667F981C26}.Player|WindowsStandalone32.ActiveCfg = InEditor|Android
		{6546D776-5B41-65B4-0850-B3667F981C26}.Player|WindowsStandalone64.ActiveCfg = InEditor|Android
		{6546D776-5B41-65B4-0850-B3667F981C26}.Player|WSA.ActiveCfg = InEditor|Android
		{6546D776-5B41-65B4-0850-B3667F981C26}.Release|Android.ActiveCfg = InEditor|Android
		{6546D776-5B41-65B4-0850-B3667F981C26}.Release|Any CPU.ActiveCfg = InEditor|Android
		{6546D776-5B41-65B4-0850-B3667F981C26}.Release|iOS.ActiveCfg = InEditor|Android
		{6546D776-5B41-65B4-0850-B3667F981C26}.Release|WindowsStandalone32.ActiveCfg = InEditor|Android
		{6546D776-5B41-65B4-0850-B3667F981C26}.Release|WindowsStandalone64.ActiveCfg = InEditor|Android
		{6546D776-5B41-65B4-0850-B3667F981C26}.Release|WSA.ActiveCfg = InEditor|Android
		{4989D6C6-D8B3-4556-B4A9-06093DED68AD}.Debug|Android.ActiveCfg = InEditor|Android
		{4989D6C6-D8B3-4556-B4A9-06093DED68AD}.Debug|Any CPU.ActiveCfg = InEditor|Android
		{4989D6C6-D8B3-4556-B4A9-06093DED68AD}.Debug|iOS.ActiveCfg = InEditor|Android
		{4989D6C6-D8B3-4556-B4A9-06093DED68AD}.Debug|WindowsStandalone32.ActiveCfg = InEditor|Android
		{4989D6C6-D8B3-4556-B4A9-06093DED68AD}.Debug|WindowsStandalone64.ActiveCfg = InEditor|Android
		{4989D6C6-D8B3-4556-B4A9-06093DED68AD}.Debug|WSA.ActiveCfg = InEditor|Android
		{4989D6C6-D8B3-4556-B4A9-06093DED68AD}.InEditor|Android.ActiveCfg = InEditor|Android
		{4989D6C6-D8B3-4556-B4A9-06093DED68AD}.InEditor|Android.Build.0 = InEditor|Android
		{4989D6C6-D8B3-4556-B4A9-06093DED68AD}.InEditor|Any CPU.ActiveCfg = InEditor|Android
		{4989D6C6-D8B3-4556-B4A9-06093DED68AD}.InEditor|iOS.ActiveCfg = InEditor|iOS
		{4989D6C6-D8B3-4556-B4A9-06093DED68AD}.InEditor|iOS.Build.0 = InEditor|iOS
		{4989D6C6-D8B3-4556-B4A9-06093DED68AD}.InEditor|WindowsStandalone32.ActiveCfg = InEditor|WindowsStandalone32
		{4989D6C6-D8B3-4556-B4A9-06093DED68AD}.InEditor|WindowsStandalone32.Build.0 = InEditor|WindowsStandalone32
		{4989D6C6-D8B3-4556-B4A9-06093DED68AD}.InEditor|WindowsStandalone64.ActiveCfg = InEditor|WindowsStandalone64
		{4989D6C6-D8B3-4556-B4A9-06093DED68AD}.InEditor|WindowsStandalone64.Build.0 = InEditor|WindowsStandalone64
		{4989D6C6-D8B3-4556-B4A9-06093DED68AD}.InEditor|WSA.ActiveCfg = InEditor|WSA
		{4989D6C6-D8B3-4556-B4A9-06093DED68AD}.InEditor|WSA.Build.0 = InEditor|WSA
		{4989D6C6-D8B3-4556-B4A9-06093DED68AD}.Player|Android.ActiveCfg = Player|Android
		{4989D6C6-D8B3-4556-B4A9-06093DED68AD}.Player|Android.Build.0 = Player|Android
		{4989D6C6-D8B3-4556-B4A9-06093DED68AD}.Player|Any CPU.ActiveCfg = Player|Android
		{4989D6C6-D8B3-4556-B4A9-06093DED68AD}.Player|iOS.ActiveCfg = Player|iOS
		{4989D6C6-D8B3-4556-B4A9-06093DED68AD}.Player|iOS.Build.0 = Player|iOS
		{4989D6C6-D8B3-4556-B4A9-06093DED68AD}.Player|WindowsStandalone32.ActiveCfg = Player|WindowsStandalone32
		{4989D6C6-D8B3-4556-B4A9-06093DED68AD}.Player|WindowsStandalone32.Build.0 = Player|WindowsStandalone32
		{4989D6C6-D8B3-4556-B4A9-06093DED68AD}.Player|WindowsStandalone64.ActiveCfg = Player|WindowsStandalone64
		{4989D6C6-D8B3-4556-B4A9-06093DED68AD}.Player|WindowsStandalone64.Build.0 = Player|WindowsStandalone64
		{4989D6C6-D8B3-4556-B4A9-06093DED68AD}.Player|WSA.ActiveCfg = Player|WSA
		{4989D6C6-D8B3-4556-B4A9-06093DED68AD}.Player|WSA.Build.0 = Player|WSA
		{4989D6C6-D8B3-4556-B4A9-06093DED68AD}.Release|Android.ActiveCfg = InEditor|Android
		{4989D6C6-D8B3-4556-B4A9-06093DED68AD}.Release|Any CPU.ActiveCfg = InEditor|Android
		{4989D6C6-D8B3-4556-B4A9-06093DED68AD}.Release|iOS.ActiveCfg = InEditor|Android
		{4989D6C6-D8B3-4556-B4A9-06093DED68AD}.Release|WindowsStandalone32.ActiveCfg = InEditor|Android
		{4989D6C6-D8B3-4556-B4A9-06093DED68AD}.Release|WindowsStandalone64.ActiveCfg = InEditor|Android
		{4989D6C6-D8B3-4556-B4A9-06093DED68AD}.Release|WSA.ActiveCfg = InEditor|Android
		{0D77AB82-D4EB-4034-AC54-4CA04D06906C}.Debug|Android.ActiveCfg = Debug|Any CPU
		{0D77AB82-D4EB-4034-AC54-4CA04D06906C}.Debug|Any CPU.ActiveCfg = Debug|Any CPU
		{0D77AB82-D4EB-4034-AC54-4CA04D06906C}.Debug|Any CPU.Build.0 = Debug|Any CPU
		{0D77AB82-D4EB-4034-AC54-4CA04D06906C}.Debug|iOS.ActiveCfg = Debug|Any CPU
		{0D77AB82-D4EB-4034-AC54-4CA04D06906C}.Debug|WindowsStandalone32.ActiveCfg = Debug|Any CPU
		{0D77AB82-D4EB-4034-AC54-4CA04D06906C}.Debug|WindowsStandalone64.ActiveCfg = Debug|Any CPU
		{0D77AB82-D4EB-4034-AC54-4CA04D06906C}.Debug|WSA.ActiveCfg = Debug|Any CPU
		{0D77AB82-D4EB-4034-AC54-4CA04D06906C}.InEditor|Android.ActiveCfg = Debug|Any CPU
		{0D77AB82-D4EB-4034-AC54-4CA04D06906C}.InEditor|Any CPU.ActiveCfg = Debug|Any CPU
		{0D77AB82-D4EB-4034-AC54-4CA04D06906C}.InEditor|iOS.ActiveCfg = Debug|Any CPU
		{0D77AB82-D4EB-4034-AC54-4CA04D06906C}.InEditor|WindowsStandalone32.ActiveCfg = Debug|Any CPU
		{0D77AB82-D4EB-4034-AC54-4CA04D06906C}.InEditor|WindowsStandalone64.ActiveCfg = Debug|Any CPU
		{0D77AB82-D4EB-4034-AC54-4CA04D06906C}.InEditor|WSA.ActiveCfg = Debug|Any CPU
		{0D77AB82-D4EB-4034-AC54-4CA04D06906C}.Player|Android.ActiveCfg = Debug|Any CPU
		{0D77AB82-D4EB-4034-AC54-4CA04D06906C}.Player|Any CPU.ActiveCfg = Debug|Any CPU
		{0D77AB82-D4EB-4034-AC54-4CA04D06906C}.Player|iOS.ActiveCfg = Debug|Any CPU
		{0D77AB82-D4EB-4034-AC54-4CA04D06906C}.Player|WindowsStandalone32.ActiveCfg = Debug|Any CPU
		{0D77AB82-D4EB-4034-AC54-4CA04D06906C}.Player|WindowsStandalone64.ActiveCfg = Debug|Any CPU
		{0D77AB82-D4EB-4034-AC54-4CA04D06906C}.Player|WSA.ActiveCfg = Debug|Any CPU
		{0D77AB82-D4EB-4034-AC54-4CA04D06906C}.Release|Android.ActiveCfg = Release|Any CPU
		{0D77AB82-D4EB-4034-AC54-4CA04D06906C}.Release|Any CPU.ActiveCfg = Release|Any CPU
		{0D77AB82-D4EB-4034-AC54-4CA04D06906C}.Release|Any CPU.Build.0 = Release|Any CPU
		{0D77AB82-D4EB-4034-AC54-4CA04D06906C}.Release|iOS.ActiveCfg = Release|Any CPU
		{0D77AB82-D4EB-4034-AC54-4CA04D06906C}.Release|WindowsStandalone32.ActiveCfg = Release|Any CPU
		{0D77AB82-D4EB-4034-AC54-4CA04D06906C}.Release|WindowsStandalone64.ActiveCfg = Release|Any CPU
		{0D77AB82-D4EB-4034-AC54-4CA04D06906C}.Release|WSA.ActiveCfg = Release|Any CPU
		{D36DD91A-2347-4BE3-BDAD-E72898C014BA}.Debug|Android.ActiveCfg = Debug|Any CPU
		{D36DD91A-2347-4BE3-BDAD-E72898C014BA}.Debug|Android.Build.0 = Debug|Any CPU
		{D36DD91A-2347-4BE3-BDAD-E72898C014BA}.Debug|Any CPU.ActiveCfg = Debug|Any CPU
		{D36DD91A-2347-4BE3-BDAD-E72898C014BA}.Debug|Any CPU.Build.0 = Debug|Any CPU
		{D36DD91A-2347-4BE3-BDAD-E72898C014BA}.Debug|iOS.ActiveCfg = Debug|Any CPU
		{D36DD91A-2347-4BE3-BDAD-E72898C014BA}.Debug|iOS.Build.0 = Debug|Any CPU
		{D36DD91A-2347-4BE3-BDAD-E72898C014BA}.Debug|WindowsStandalone32.ActiveCfg = Debug|Any CPU
		{D36DD91A-2347-4BE3-BDAD-E72898C014BA}.Debug|WindowsStandalone32.Build.0 = Debug|Any CPU
		{D36DD91A-2347-4BE3-BDAD-E72898C014BA}.Debug|WindowsStandalone64.ActiveCfg = Debug|Any CPU
		{D36DD91A-2347-4BE3-BDAD-E72898C014BA}.Debug|WindowsStandalone64.Build.0 = Debug|Any CPU
		{D36DD91A-2347-4BE3-BDAD-E72898C014BA}.Debug|WSA.ActiveCfg = Debug|Any CPU
		{D36DD91A-2347-4BE3-BDAD-E72898C014BA}.Debug|WSA.Build.0 = Debug|Any CPU
		{D36DD91A-2347-4BE3-BDAD-E72898C014BA}.InEditor|Android.ActiveCfg = Release|Any CPU
		{D36DD91A-2347-4BE3-BDAD-E72898C014BA}.InEditor|Android.Build.0 = Release|Any CPU
		{D36DD91A-2347-4BE3-BDAD-E72898C014BA}.InEditor|Any CPU.ActiveCfg = Release|Any CPU
		{D36DD91A-2347-4BE3-BDAD-E72898C014BA}.InEditor|Any CPU.Build.0 = Release|Any CPU
		{D36DD91A-2347-4BE3-BDAD-E72898C014BA}.InEditor|iOS.ActiveCfg = Release|Any CPU
		{D36DD91A-2347-4BE3-BDAD-E72898C014BA}.InEditor|iOS.Build.0 = Release|Any CPU
		{D36DD91A-2347-4BE3-BDAD-E72898C014BA}.InEditor|WindowsStandalone32.ActiveCfg = Release|Any CPU
		{D36DD91A-2347-4BE3-BDAD-E72898C014BA}.InEditor|WindowsStandalone32.Build.0 = Release|Any CPU
		{D36DD91A-2347-4BE3-BDAD-E72898C014BA}.InEditor|WindowsStandalone64.ActiveCfg = Release|Any CPU
		{D36DD91A-2347-4BE3-BDAD-E72898C014BA}.InEditor|WindowsStandalone64.Build.0 = Release|Any CPU
		{D36DD91A-2347-4BE3-BDAD-E72898C014BA}.InEditor|WSA.ActiveCfg = Release|Any CPU
		{D36DD91A-2347-4BE3-BDAD-E72898C014BA}.InEditor|WSA.Build.0 = Release|Any CPU
		{D36DD91A-2347-4BE3-BDAD-E72898C014BA}.Player|Android.ActiveCfg = Release|Any CPU
		{D36DD91A-2347-4BE3-BDAD-E72898C014BA}.Player|Android.Build.0 = Release|Any CPU
		{D36DD91A-2347-4BE3-BDAD-E72898C014BA}.Player|Any CPU.ActiveCfg = Release|Any CPU
		{D36DD91A-2347-4BE3-BDAD-E72898C014BA}.Player|Any CPU.Build.0 = Release|Any CPU
		{D36DD91A-2347-4BE3-BDAD-E72898C014BA}.Player|iOS.ActiveCfg = Release|Any CPU
		{D36DD91A-2347-4BE3-BDAD-E72898C014BA}.Player|iOS.Build.0 = Release|Any CPU
		{D36DD91A-2347-4BE3-BDAD-E72898C014BA}.Player|WindowsStandalone32.ActiveCfg = Release|Any CPU
		{D36DD91A-2347-4BE3-BDAD-E72898C014BA}.Player|WindowsStandalone32.Build.0 = Release|Any CPU
		{D36DD91A-2347-4BE3-BDAD-E72898C014BA}.Player|WindowsStandalone64.ActiveCfg = Release|Any CPU
		{D36DD91A-2347-4BE3-BDAD-E72898C014BA}.Player|WindowsStandalone64.Build.0 = Release|Any CPU
		{D36DD91A-2347-4BE3-BDAD-E72898C014BA}.Player|WSA.ActiveCfg = Release|Any CPU
		{D36DD91A-2347-4BE3-BDAD-E72898C014BA}.Player|WSA.Build.0 = Release|Any CPU
		{D36DD91A-2347-4BE3-BDAD-E72898C014BA}.Release|Android.ActiveCfg = Release|Any CPU
		{D36DD91A-2347-4BE3-BDAD-E72898C014BA}.Release|Android.Build.0 = Release|Any CPU
		{D36DD91A-2347-4BE3-BDAD-E72898C014BA}.Release|Any CPU.ActiveCfg = Release|Any CPU
		{D36DD91A-2347-4BE3-BDAD-E72898C014BA}.Release|Any CPU.Build.0 = Release|Any CPU
		{D36DD91A-2347-4BE3-BDAD-E72898C014BA}.Release|iOS.ActiveCfg = Release|Any CPU
		{D36DD91A-2347-4BE3-BDAD-E72898C014BA}.Release|iOS.Build.0 = Release|Any CPU
		{D36DD91A-2347-4BE3-BDAD-E72898C014BA}.Release|WindowsStandalone32.ActiveCfg = Release|Any CPU
		{D36DD91A-2347-4BE3-BDAD-E72898C014BA}.Release|WindowsStandalone32.Build.0 = Release|Any CPU
		{D36DD91A-2347-4BE3-BDAD-E72898C014BA}.Release|WindowsStandalone64.ActiveCfg = Release|Any CPU
		{D36DD91A-2347-4BE3-BDAD-E72898C014BA}.Release|WindowsStandalone64.Build.0 = Release|Any CPU
		{D36DD91A-2347-4BE3-BDAD-E72898C014BA}.Release|WSA.ActiveCfg = Release|Any CPU
		{D36DD91A-2347-4BE3-BDAD-E72898C014BA}.Release|WSA.Build.0 = Release|Any CPU
		{06FDDF06-41BA-47F3-863F-E426A80C69A8}.Debug|Android.ActiveCfg = Debug|Any CPU
		{06FDDF06-41BA-47F3-863F-E426A80C69A8}.Debug|Android.Build.0 = Debug|Any CPU
		{06FDDF06-41BA-47F3-863F-E426A80C69A8}.Debug|Any CPU.ActiveCfg = Debug|Any CPU
		{06FDDF06-41BA-47F3-863F-E426A80C69A8}.Debug|Any CPU.Build.0 = Debug|Any CPU
		{06FDDF06-41BA-47F3-863F-E426A80C69A8}.Debug|iOS.ActiveCfg = Debug|Any CPU
		{06FDDF06-41BA-47F3-863F-E426A80C69A8}.Debug|iOS.Build.0 = Debug|Any CPU
		{06FDDF06-41BA-47F3-863F-E426A80C69A8}.Debug|WindowsStandalone32.ActiveCfg = Debug|Any CPU
		{06FDDF06-41BA-47F3-863F-E426A80C69A8}.Debug|WindowsStandalone32.Build.0 = Debug|Any CPU
		{06FDDF06-41BA-47F3-863F-E426A80C69A8}.Debug|WindowsStandalone64.ActiveCfg = Debug|Any CPU
		{06FDDF06-41BA-47F3-863F-E426A80C69A8}.Debug|WindowsStandalone64.Build.0 = Debug|Any CPU
		{06FDDF06-41BA-47F3-863F-E426A80C69A8}.Debug|WSA.ActiveCfg = Debug|Any CPU
		{06FDDF06-41BA-47F3-863F-E426A80C69A8}.Debug|WSA.Build.0 = Debug|Any CPU
		{06FDDF06-41BA-47F3-863F-E426A80C69A8}.InEditor|Android.ActiveCfg = Release|Any CPU
		{06FDDF06-41BA-47F3-863F-E426A80C69A8}.InEditor|Android.Build.0 = Release|Any CPU
		{06FDDF06-41BA-47F3-863F-E426A80C69A8}.InEditor|Any CPU.ActiveCfg = Release|Any CPU
		{06FDDF06-41BA-47F3-863F-E426A80C69A8}.InEditor|Any CPU.Build.0 = Release|Any CPU
		{06FDDF06-41BA-47F3-863F-E426A80C69A8}.InEditor|iOS.ActiveCfg = Release|Any CPU
		{06FDDF06-41BA-47F3-863F-E426A80C69A8}.InEditor|iOS.Build.0 = Release|Any CPU
		{06FDDF06-41BA-47F3-863F-E426A80C69A8}.InEditor|WindowsStandalone32.ActiveCfg = Release|Any CPU
		{06FDDF06-41BA-47F3-863F-E426A80C69A8}.InEditor|WindowsStandalone32.Build.0 = Release|Any CPU
		{06FDDF06-41BA-47F3-863F-E426A80C69A8}.InEditor|WindowsStandalone64.ActiveCfg = Release|Any CPU
		{06FDDF06-41BA-47F3-863F-E426A80C69A8}.InEditor|WindowsStandalone64.Build.0 = Release|Any CPU
		{06FDDF06-41BA-47F3-863F-E426A80C69A8}.InEditor|WSA.ActiveCfg = Release|Any CPU
		{06FDDF06-41BA-47F3-863F-E426A80C69A8}.InEditor|WSA.Build.0 = Release|Any CPU
		{06FDDF06-41BA-47F3-863F-E426A80C69A8}.Player|Android.ActiveCfg = Release|Any CPU
		{06FDDF06-41BA-47F3-863F-E426A80C69A8}.Player|Android.Build.0 = Release|Any CPU
		{06FDDF06-41BA-47F3-863F-E426A80C69A8}.Player|Any CPU.ActiveCfg = Release|Any CPU
		{06FDDF06-41BA-47F3-863F-E426A80C69A8}.Player|Any CPU.Build.0 = Release|Any CPU
		{06FDDF06-41BA-47F3-863F-E426A80C69A8}.Player|iOS.ActiveCfg = Release|Any CPU
		{06FDDF06-41BA-47F3-863F-E426A80C69A8}.Player|iOS.Build.0 = Release|Any CPU
		{06FDDF06-41BA-47F3-863F-E426A80C69A8}.Player|WindowsStandalone32.ActiveCfg = Release|Any CPU
		{06FDDF06-41BA-47F3-863F-E426A80C69A8}.Player|WindowsStandalone32.Build.0 = Release|Any CPU
		{06FDDF06-41BA-47F3-863F-E426A80C69A8}.Player|WindowsStandalone64.ActiveCfg = Release|Any CPU
		{06FDDF06-41BA-47F3-863F-E426A80C69A8}.Player|WindowsStandalone64.Build.0 = Release|Any CPU
		{06FDDF06-41BA-47F3-863F-E426A80C69A8}.Player|WSA.ActiveCfg = Release|Any CPU
		{06FDDF06-41BA-47F3-863F-E426A80C69A8}.Player|WSA.Build.0 = Release|Any CPU
		{06FDDF06-41BA-47F3-863F-E426A80C69A8}.Release|Android.ActiveCfg = Release|Any CPU
		{06FDDF06-41BA-47F3-863F-E426A80C69A8}.Release|Android.Build.0 = Release|Any CPU
		{06FDDF06-41BA-47F3-863F-E426A80C69A8}.Release|Any CPU.ActiveCfg = Release|Any CPU
		{06FDDF06-41BA-47F3-863F-E426A80C69A8}.Release|Any CPU.Build.0 = Release|Any CPU
		{06FDDF06-41BA-47F3-863F-E426A80C69A8}.Release|iOS.ActiveCfg = Release|Any CPU
		{06FDDF06-41BA-47F3-863F-E426A80C69A8}.Release|iOS.Build.0 = Release|Any CPU
		{06FDDF06-41BA-47F3-863F-E426A80C69A8}.Release|WindowsStandalone32.ActiveCfg = Release|Any CPU
		{06FDDF06-41BA-47F3-863F-E426A80C69A8}.Release|WindowsStandalone32.Build.0 = Release|Any CPU
		{06FDDF06-41BA-47F3-863F-E426A80C69A8}.Release|WindowsStandalone64.ActiveCfg = Release|Any CPU
		{06FDDF06-41BA-47F3-863F-E426A80C69A8}.Release|WindowsStandalone64.Build.0 = Release|Any CPU
		{06FDDF06-41BA-47F3-863F-E426A80C69A8}.Release|WSA.ActiveCfg = Release|Any CPU
		{06FDDF06-41BA-47F3-863F-E426A80C69A8}.Release|WSA.Build.0 = Release|Any CPU
	EndGlobalSection
	GlobalSection(SolutionProperties) = preSolution
		HideSolutionNode = FALSE
	EndGlobalSection
	GlobalSection(NestedProjects) = preSolution
		{6055BE8E-BEFD-69E4-8B49-212B09B47B2F} = {F0962E2E-3201-42A4-90A4-4BD07B8D0413}
		{15A615C7-33AA-2409-09FE-0B28B0D5143C} = {F0962E2E-3201-42A4-90A4-4BD07B8D0413}
		{645165C8-1694-74BF-BBEB-8FB0BCFD26F5} = {F0962E2E-3201-42A4-90A4-4BD07B8D0413}
		{0DF1F49A-50F1-5354-5BF9-9E3DBB6674AD} = {02CFE9B1-8003-483F-802B-F2ACC2E2C82B}
		{0FDA7EBE-61AB-2164-383D-10E32EFB9C6E} = {F0962E2E-3201-42A4-90A4-4BD07B8D0413}
		{6546D776-5B41-65B4-0850-B3667F981C26} = {F0962E2E-3201-42A4-90A4-4BD07B8D0413}
		{D36DD91A-2347-4BE3-BDAD-E72898C014BA} = {9D69A397-2F47-459D-B35F-C5D0C9D588B8}
		{06FDDF06-41BA-47F3-863F-E426A80C69A8} = {9D69A397-2F47-459D-B35F-C5D0C9D588B8}
	EndGlobalSection
	GlobalSection(ExtensibilityGlobals) = postSolution
		SolutionGuid = {6E6CC69E-A194-4F01-9182-CE7B0F63F375}
	EndGlobalSection
	GlobalSection(SolutionNotes) = postSolution
		{F0962E2E-3201-42A4-90A4-4BD07B8D0413} = msb4u.generated
		{02CFE9B1-8003-483F-802B-F2ACC2E2C82B} = msb4u.generated
		{BB41A40A-FD6B-AD74-0865-83AB52977BDC} = msb4u.generated
		{6055BE8E-BEFD-69E4-8B49-212B09B47B2F} = msb4u.generated
		{15A615C7-33AA-2409-09FE-0B28B0D5143C} = msb4u.generated
		{645165C8-1694-74BF-BBEB-8FB0BCFD26F5} = msb4u.generated
		{0DF1F49A-50F1-5354-5BF9-9E3DBB6674AD} = msb4u.generated
		{0FDA7EBE-61AB-2164-383D-10E32EFB9C6E} = msb4u.generated
		{6546D776-5B41-65B4-0850-B3667F981C26} = msb4u.generated
		{4989D6C6-D8B3-4556-B4A9-06093DED68AD} = msb4u.generated
		{0D77AB82-D4EB-4034-AC54-4CA04D06906C} = msb4u.generated
	EndGlobalSection
EndGlobal
