
Microsoft Visual Studio Solution File, Format Version 12.00
# Visual Studio Version 16
VisualStudioVersion = 16.0.29306.81
MinimumVisualStudioVersion = 10.0.40219.1
Project("{9A19103F-16F7-4668-BE54-9A1E7A4F7556}") = "MSBuildForUnity", "MSBuildForUnity.csproj", "{1FA0918F-59B8-4935-9CB9-E4A5459B3646}"
EndProject
Global
	GlobalSection(SolutionConfigurationPlatforms) = preSolution
		Debug|Any CPU = Debug|Any CPU
		Release|Any CPU = Release|Any CPU
	EndGlobalSection
	GlobalSection(ProjectConfigurationPlatforms) = postSolution
		{1FA0918F-59B8-4935-9CB9-E4A5459B3646}.Debug|Any CPU.ActiveCfg = Debug|Any CPU
		{1FA0918F-59B8-4935-9CB9-E4A5459B3646}.Debug|Any CPU.Build.0 = Debug|Any CPU
		{1FA0918F-59B8-4935-9CB9-E4A5459B3646}.Release|Any CPU.ActiveCfg = Release|Any CPU
		{1FA0918F-59B8-4935-9CB9-E4A5459B3646}.Release|Any CPU.Build.0 = Release|Any CPU
	EndGlobalSection
	GlobalSection(SolutionProperties) = preSolution
		HideSolutionNode = FALSE
	EndGlobalSection
	GlobalSection(ExtensibilityGlobals) = postSolution
		SolutionGuid = {34F2EF7B-7FF2-44B9-BA03-EE4D3A24B905}
	EndGlobalSection
EndGlobal
