Microsoft Visual Studio Solution File, Format Version 12.00
# Visual Studio 15
VisualStudioVersion = 15.0.28307.539
MinimumVisualStudioVersion = 10.0.40219.1
Project("{9A19103F-16F7-4668-BE54-9A1E7A4F7556}") = "MSBuildForUnity.msb4u", "..\MSBuild\Projects\MSBuildForUnity.msb4u.csproj", "{0DF1F49A-50F1-5354-5BF9-9E3DBB6674AD}"
EndProject
Project("{9A19103F-16F7-4668-BE54-9A1E7A4F7556}") = "Unity.Analytics.DataPrivacy.msb4u", "..\MSBuild\Projects\Unity.Analytics.DataPrivacy.msb4u.csproj", "{0FDA7EBE-61AB-2164-383D-10E32EFB9C6E}"
EndProject
Project("{9A19103F-16F7-4668-BE54-9A1E7A4F7556}") = "Unity.PackageManagerUI.Editor.msb4u", "..\MSBuild\Projects\Unity.PackageManagerUI.Editor.msb4u.csproj", "{15A615C7-33AA-2409-09FE-0B28B0D5143C}"
EndProject
Project("{9A19103F-16F7-4668-BE54-9A1E7A4F7556}") = "CommonLibrary", "..\..\IntegratedDependencies.Unity\External\CommonLibrary\CommonLibrary.csproj", "{58E82562-D72E-4510-BB63-C1DDBA4E3433}"
EndProject
Project("{9A19103F-16F7-4668-BE54-9A1E7A4F7556}") = "Unity.TextMeshPro.msb4u", "..\MSBuild\Projects\Unity.TextMeshPro.msb4u.csproj", "{6055BE8E-BEFD-69E4-8B49-212B09B47B2F}"
EndProject
Project("{9A19103F-16F7-4668-BE54-9A1E7A4F7556}") = "Unity.CollabProxy.Editor.msb4u", "..\MSBuild\Projects\Unity.CollabProxy.Editor.msb4u.csproj", "{645165C8-1694-74BF-BBEB-8FB0BCFD26F5}"
EndProject
Project("{9A19103F-16F7-4668-BE54-9A1E7A4F7556}") = "Unity.TextMeshPro.Editor.msb4u", "..\MSBuild\Projects\Unity.TextMeshPro.Editor.msb4u.csproj", "{6546D776-5B41-65B4-0850-B3667F981C26}"
	ProjectSection(ProjectDependencies) = postProject
		{6055BE8E-BEFD-69E4-8B49-212B09B47B2F} = {6055BE8E-BEFD-69E4-8B49-212B09B47B2F}
	EndProjectSection
EndProject
Project("{9A19103F-16F7-4668-BE54-9A1E7A4F7556}") = "GeneralComponent.msb4u", "..\..\IntegratedDependencies.Unity\Assets\GeneralComponent\GeneralComponent.msb4u.csproj", "{C47857AB-4B18-4AED-94F8-E6ACB45B6484}"
EndProject
Project("{9A19103F-16F7-4668-BE54-9A1E7A4F7556}") = "Assembly-CSharp.msb4u", "Assembly-CSharp.msb4u.csproj", "{35F18CF2-8F12-4108-B9F8-D34479756CD6}"
	ProjectSection(ProjectDependencies) = postProject
		{6546D776-5B41-65B4-0850-B3667F981C26} = {6546D776-5B41-65B4-0850-B3667F981C26}
		{15A615C7-33AA-2409-09FE-0B28B0D5143C} = {15A615C7-33AA-2409-09FE-0B28B0D5143C}
		{645165C8-1694-74BF-BBEB-8FB0BCFD26F5} = {645165C8-1694-74BF-BBEB-8FB0BCFD26F5}
		{0DF1F49A-50F1-5354-5BF9-9E3DBB6674AD} = {0DF1F49A-50F1-5354-5BF9-9E3DBB6674AD}
		{6055BE8E-BEFD-69E4-8B49-212B09B47B2F} = {6055BE8E-BEFD-69E4-8B49-212B09B47B2F}
		{0FDA7EBE-61AB-2164-383D-10E32EFB9C6E} = {0FDA7EBE-61AB-2164-383D-10E32EFB9C6E}
	EndProjectSection
EndProject
Project("{9A19103F-16F7-4668-BE54-9A1E7A4F7556}") = "CrossUnityDependencies.Unity.Dependencies.msb4u", "CrossUnityDependencies.Unity.Dependencies.msb4u.csproj", "{F462FC4F-630C-4212-83AE-9208D85AD084}"
	ProjectSection(ProjectDependencies) = postProject
		{35F18CF2-8F12-4108-B9F8-D34479756CD6} = {35F18CF2-8F12-4108-B9F8-D34479756CD6}
		{6546D776-5B41-65B4-0850-B3667F981C26} = {6546D776-5B41-65B4-0850-B3667F981C26}
		{6055BE8E-BEFD-69E4-8B49-212B09B47B2F} = {6055BE8E-BEFD-69E4-8B49-212B09B47B2F}
		{15A615C7-33AA-2409-09FE-0B28B0D5143C} = {15A615C7-33AA-2409-09FE-0B28B0D5143C}
		{645165C8-1694-74BF-BBEB-8FB0BCFD26F5} = {645165C8-1694-74BF-BBEB-8FB0BCFD26F5}
		{0DF1F49A-50F1-5354-5BF9-9E3DBB6674AD} = {0DF1F49A-50F1-5354-5BF9-9E3DBB6674AD}
		{0FDA7EBE-61AB-2164-383D-10E32EFB9C6E} = {0FDA7EBE-61AB-2164-383D-10E32EFB9C6E}
	EndProjectSection
EndProject
Project("{2150E333-8FDC-42A3-9474-1A3956D46DE8}") = "IntegratedDependenciesProjects", "IntegratedDependenciesProjects", "{DE0C24FB-D205-472C-9A12-A6889F85118C}"
EndProject
Project("{2150E333-8FDC-42A3-9474-1A3956D46DE8}") = "Imported Packages", "Imported Packages", "{E6B8BA08-82D8-4266-93D4-0A9770D70A66}"
EndProject
Project("{2150E333-8FDC-42A3-9474-1A3956D46DE8}") = "External Packages", "External Packages", "{53C6B76F-FA9E-4BC0-9475-9A0944C6D7F5}"
EndProject
Global
	GlobalSection(SolutionConfigurationPlatforms) = preSolution
		Debug|Android = Debug|Android
		Debug|Any CPU = Debug|Any CPU
		Debug|iOS = Debug|iOS
		Debug|WindowsStandalone32 = Debug|WindowsStandalone32
		Debug|WindowsStandalone64 = Debug|WindowsStandalone64
		Debug|WSA = Debug|WSA
		InEditor|Android = InEditor|Android
		InEditor|Any CPU = InEditor|Any CPU
		InEditor|iOS = InEditor|iOS
		InEditor|WindowsStandalone32 = InEditor|WindowsStandalone32
		InEditor|WindowsStandalone64 = InEditor|WindowsStandalone64
		InEditor|WSA = InEditor|WSA
		Player|Android = Player|Android
		Player|Any CPU = Player|Any CPU
		Player|iOS = Player|iOS
		Player|WindowsStandalone32 = Player|WindowsStandalone32
		Player|WindowsStandalone64 = Player|WindowsStandalone64
		Player|WSA = Player|WSA
		Release|Android = Release|Android
		Release|Any CPU = Release|Any CPU
		Release|iOS = Release|iOS
		Release|WindowsStandalone32 = Release|WindowsStandalone32
		Release|WindowsStandalone64 = Release|WindowsStandalone64
		Release|WSA = Release|WSA
	EndGlobalSection
	GlobalSection(ProjectConfigurationPlatforms) = postSolution
		{0DF1F49A-50F1-5354-5BF9-9E3DBB6674AD}.Debug|Android.ActiveCfg = InEditor|Android
		{0DF1F49A-50F1-5354-5BF9-9E3DBB6674AD}.Debug|Any CPU.ActiveCfg = InEditor|Android
		{0DF1F49A-50F1-5354-5BF9-9E3DBB6674AD}.Debug|iOS.ActiveCfg = InEditor|iOS
		{0DF1F49A-50F1-5354-5BF9-9E3DBB6674AD}.Debug|WindowsStandalone32.ActiveCfg = InEditor|WindowsStandalone32
		{0DF1F49A-50F1-5354-5BF9-9E3DBB6674AD}.Debug|WindowsStandalone64.ActiveCfg = InEditor|WindowsStandalone64
		{0DF1F49A-50F1-5354-5BF9-9E3DBB6674AD}.Debug|WSA.ActiveCfg = InEditor|WSA
		{0DF1F49A-50F1-5354-5BF9-9E3DBB6674AD}.InEditor|Android.ActiveCfg = InEditor|Android
		{0DF1F49A-50F1-5354-5BF9-9E3DBB6674AD}.InEditor|Android.Build.0 = InEditor|Android
		{0DF1F49A-50F1-5354-5BF9-9E3DBB6674AD}.InEditor|Any CPU.ActiveCfg = InEditor|Android
		{0DF1F49A-50F1-5354-5BF9-9E3DBB6674AD}.InEditor|iOS.ActiveCfg = InEditor|iOS
		{0DF1F49A-50F1-5354-5BF9-9E3DBB6674AD}.InEditor|iOS.Build.0 = InEditor|iOS
		{0DF1F49A-50F1-5354-5BF9-9E3DBB6674AD}.InEditor|WindowsStandalone32.ActiveCfg = InEditor|WindowsStandalone32
		{0DF1F49A-50F1-5354-5BF9-9E3DBB6674AD}.InEditor|WindowsStandalone32.Build.0 = InEditor|WindowsStandalone32
		{0DF1F49A-50F1-5354-5BF9-9E3DBB6674AD}.InEditor|WindowsStandalone64.ActiveCfg = InEditor|WindowsStandalone64
		{0DF1F49A-50F1-5354-5BF9-9E3DBB6674AD}.InEditor|WindowsStandalone64.Build.0 = InEditor|WindowsStandalone64
		{0DF1F49A-50F1-5354-5BF9-9E3DBB6674AD}.InEditor|WSA.ActiveCfg = InEditor|WSA
		{0DF1F49A-50F1-5354-5BF9-9E3DBB6674AD}.InEditor|WSA.Build.0 = InEditor|WSA
		{0DF1F49A-50F1-5354-5BF9-9E3DBB6674AD}.Player|Android.ActiveCfg = Player|Android
		{0DF1F49A-50F1-5354-5BF9-9E3DBB6674AD}.Player|Any CPU.ActiveCfg = Player|Android
		{0DF1F49A-50F1-5354-5BF9-9E3DBB6674AD}.Player|iOS.ActiveCfg = Player|iOS
		{0DF1F49A-50F1-5354-5BF9-9E3DBB6674AD}.Player|WindowsStandalone32.ActiveCfg = Player|WindowsStandalone32
		{0DF1F49A-50F1-5354-5BF9-9E3DBB6674AD}.Player|WindowsStandalone64.ActiveCfg = Player|WindowsStandalone64
		{0DF1F49A-50F1-5354-5BF9-9E3DBB6674AD}.Player|WSA.ActiveCfg = Player|WSA
		{0DF1F49A-50F1-5354-5BF9-9E3DBB6674AD}.Release|Android.ActiveCfg = InEditor|Android
		{0DF1F49A-50F1-5354-5BF9-9E3DBB6674AD}.Release|Any CPU.ActiveCfg = InEditor|Android
		{0DF1F49A-50F1-5354-5BF9-9E3DBB6674AD}.Release|iOS.ActiveCfg = InEditor|iOS
		{0DF1F49A-50F1-5354-5BF9-9E3DBB6674AD}.Release|WindowsStandalone32.ActiveCfg = InEditor|WindowsStandalone32
		{0DF1F49A-50F1-5354-5BF9-9E3DBB6674AD}.Release|WindowsStandalone64.ActiveCfg = InEditor|WindowsStandalone64
		{0DF1F49A-50F1-5354-5BF9-9E3DBB6674AD}.Release|WSA.ActiveCfg = InEditor|WSA
		{0FDA7EBE-61AB-2164-383D-10E32EFB9C6E}.Debug|Android.ActiveCfg = InEditor|Android
		{0FDA7EBE-61AB-2164-383D-10E32EFB9C6E}.Debug|Any CPU.ActiveCfg = InEditor|Android
		{0FDA7EBE-61AB-2164-383D-10E32EFB9C6E}.Debug|iOS.ActiveCfg = InEditor|iOS
		{0FDA7EBE-61AB-2164-383D-10E32EFB9C6E}.Debug|WindowsStandalone32.ActiveCfg = InEditor|WindowsStandalone32
		{0FDA7EBE-61AB-2164-383D-10E32EFB9C6E}.Debug|WindowsStandalone64.ActiveCfg = InEditor|WindowsStandalone64
		{0FDA7EBE-61AB-2164-383D-10E32EFB9C6E}.Debug|WSA.ActiveCfg = InEditor|WSA
		{0FDA7EBE-61AB-2164-383D-10E32EFB9C6E}.InEditor|Android.ActiveCfg = InEditor|Android
		{0FDA7EBE-61AB-2164-383D-10E32EFB9C6E}.InEditor|Android.Build.0 = InEditor|Android
		{0FDA7EBE-61AB-2164-383D-10E32EFB9C6E}.InEditor|Any CPU.ActiveCfg = InEditor|Android
		{0FDA7EBE-61AB-2164-383D-10E32EFB9C6E}.InEditor|iOS.ActiveCfg = InEditor|iOS
		{0FDA7EBE-61AB-2164-383D-10E32EFB9C6E}.InEditor|iOS.Build.0 = InEditor|iOS
		{0FDA7EBE-61AB-2164-383D-10E32EFB9C6E}.InEditor|WindowsStandalone32.ActiveCfg = InEditor|WindowsStandalone32
		{0FDA7EBE-61AB-2164-383D-10E32EFB9C6E}.InEditor|WindowsStandalone32.Build.0 = InEditor|WindowsStandalone32
		{0FDA7EBE-61AB-2164-383D-10E32EFB9C6E}.InEditor|WindowsStandalone64.ActiveCfg = InEditor|WindowsStandalone64
		{0FDA7EBE-61AB-2164-383D-10E32EFB9C6E}.InEditor|WindowsStandalone64.Build.0 = InEditor|WindowsStandalone64
		{0FDA7EBE-61AB-2164-383D-10E32EFB9C6E}.InEditor|WSA.ActiveCfg = InEditor|WSA
		{0FDA7EBE-61AB-2164-383D-10E32EFB9C6E}.InEditor|WSA.Build.0 = InEditor|WSA
		{0FDA7EBE-61AB-2164-383D-10E32EFB9C6E}.Player|Android.ActiveCfg = Player|Android
		{0FDA7EBE-61AB-2164-383D-10E32EFB9C6E}.Player|Android.Build.0 = Player|Android
		{0FDA7EBE-61AB-2164-383D-10E32EFB9C6E}.Player|Any CPU.ActiveCfg = Player|Android
		{0FDA7EBE-61AB-2164-383D-10E32EFB9C6E}.Player|iOS.ActiveCfg = Player|iOS
		{0FDA7EBE-61AB-2164-383D-10E32EFB9C6E}.Player|iOS.Build.0 = Player|iOS
		{0FDA7EBE-61AB-2164-383D-10E32EFB9C6E}.Player|WindowsStandalone32.ActiveCfg = Player|WindowsStandalone32
		{0FDA7EBE-61AB-2164-383D-10E32EFB9C6E}.Player|WindowsStandalone32.Build.0 = Player|WindowsStandalone32
		{0FDA7EBE-61AB-2164-383D-10E32EFB9C6E}.Player|WindowsStandalone64.ActiveCfg = Player|WindowsStandalone64
		{0FDA7EBE-61AB-2164-383D-10E32EFB9C6E}.Player|WindowsStandalone64.Build.0 = Player|WindowsStandalone64
		{0FDA7EBE-61AB-2164-383D-10E32EFB9C6E}.Player|WSA.ActiveCfg = Player|WSA
		{0FDA7EBE-61AB-2164-383D-10E32EFB9C6E}.Player|WSA.Build.0 = Player|WSA
		{0FDA7EBE-61AB-2164-383D-10E32EFB9C6E}.Release|Android.ActiveCfg = InEditor|Android
		{0FDA7EBE-61AB-2164-383D-10E32EFB9C6E}.Release|Any CPU.ActiveCfg = InEditor|Android
		{0FDA7EBE-61AB-2164-383D-10E32EFB9C6E}.Release|iOS.ActiveCfg = InEditor|iOS
		{0FDA7EBE-61AB-2164-383D-10E32EFB9C6E}.Release|WindowsStandalone32.ActiveCfg = InEditor|WindowsStandalone32
		{0FDA7EBE-61AB-2164-383D-10E32EFB9C6E}.Release|WindowsStandalone64.ActiveCfg = InEditor|WindowsStandalone64
		{0FDA7EBE-61AB-2164-383D-10E32EFB9C6E}.Release|WSA.ActiveCfg = InEditor|WSA
		{15A615C7-33AA-2409-09FE-0B28B0D5143C}.Debug|Android.ActiveCfg = InEditor|Android
		{15A615C7-33AA-2409-09FE-0B28B0D5143C}.Debug|Any CPU.ActiveCfg = InEditor|Android
		{15A615C7-33AA-2409-09FE-0B28B0D5143C}.Debug|iOS.ActiveCfg = InEditor|iOS
		{15A615C7-33AA-2409-09FE-0B28B0D5143C}.Debug|WindowsStandalone32.ActiveCfg = InEditor|WindowsStandalone32
		{15A615C7-33AA-2409-09FE-0B28B0D5143C}.Debug|WindowsStandalone64.ActiveCfg = InEditor|WindowsStandalone64
		{15A615C7-33AA-2409-09FE-0B28B0D5143C}.Debug|WSA.ActiveCfg = InEditor|WSA
		{15A615C7-33AA-2409-09FE-0B28B0D5143C}.InEditor|Android.ActiveCfg = InEditor|Android
		{15A615C7-33AA-2409-09FE-0B28B0D5143C}.InEditor|Android.Build.0 = InEditor|Android
		{15A615C7-33AA-2409-09FE-0B28B0D5143C}.InEditor|Any CPU.ActiveCfg = InEditor|Android
		{15A615C7-33AA-2409-09FE-0B28B0D5143C}.InEditor|iOS.ActiveCfg = InEditor|iOS
		{15A615C7-33AA-2409-09FE-0B28B0D5143C}.InEditor|iOS.Build.0 = InEditor|iOS
		{15A615C7-33AA-2409-09FE-0B28B0D5143C}.InEditor|WindowsStandalone32.ActiveCfg = InEditor|WindowsStandalone32
		{15A615C7-33AA-2409-09FE-0B28B0D5143C}.InEditor|WindowsStandalone32.Build.0 = InEditor|WindowsStandalone32
		{15A615C7-33AA-2409-09FE-0B28B0D5143C}.InEditor|WindowsStandalone64.ActiveCfg = InEditor|WindowsStandalone64
		{15A615C7-33AA-2409-09FE-0B28B0D5143C}.InEditor|WindowsStandalone64.Build.0 = InEditor|WindowsStandalone64
		{15A615C7-33AA-2409-09FE-0B28B0D5143C}.InEditor|WSA.ActiveCfg = InEditor|WSA
		{15A615C7-33AA-2409-09FE-0B28B0D5143C}.InEditor|WSA.Build.0 = InEditor|WSA
		{15A615C7-33AA-2409-09FE-0B28B0D5143C}.Player|Android.ActiveCfg = Player|Android
		{15A615C7-33AA-2409-09FE-0B28B0D5143C}.Player|Any CPU.ActiveCfg = Player|Android
		{15A615C7-33AA-2409-09FE-0B28B0D5143C}.Player|iOS.ActiveCfg = Player|iOS
		{15A615C7-33AA-2409-09FE-0B28B0D5143C}.Player|WindowsStandalone32.ActiveCfg = Player|WindowsStandalone32
		{15A615C7-33AA-2409-09FE-0B28B0D5143C}.Player|WindowsStandalone64.ActiveCfg = Player|WindowsStandalone64
		{15A615C7-33AA-2409-09FE-0B28B0D5143C}.Player|WSA.ActiveCfg = Player|WSA
		{15A615C7-33AA-2409-09FE-0B28B0D5143C}.Release|Android.ActiveCfg = InEditor|Android
		{15A615C7-33AA-2409-09FE-0B28B0D5143C}.Release|Any CPU.ActiveCfg = InEditor|Android
		{15A615C7-33AA-2409-09FE-0B28B0D5143C}.Release|iOS.ActiveCfg = InEditor|iOS
		{15A615C7-33AA-2409-09FE-0B28B0D5143C}.Release|WindowsStandalone32.ActiveCfg = InEditor|WindowsStandalone32
		{15A615C7-33AA-2409-09FE-0B28B0D5143C}.Release|WindowsStandalone64.ActiveCfg = InEditor|WindowsStandalone64
		{15A615C7-33AA-2409-09FE-0B28B0D5143C}.Release|WSA.ActiveCfg = InEditor|WSA
		{58E82562-D72E-4510-BB63-C1DDBA4E3433}.Debug|Android.ActiveCfg = Debug|Any CPU
		{58E82562-D72E-4510-BB63-C1DDBA4E3433}.Debug|Android.Build.0 = Debug|Any CPU
		{58E82562-D72E-4510-BB63-C1DDBA4E3433}.Debug|Any CPU.ActiveCfg = Debug|Any CPU
		{58E82562-D72E-4510-BB63-C1DDBA4E3433}.Debug|Any CPU.Build.0 = Debug|Any CPU
		{58E82562-D72E-4510-BB63-C1DDBA4E3433}.Debug|iOS.ActiveCfg = Debug|Any CPU
		{58E82562-D72E-4510-BB63-C1DDBA4E3433}.Debug|iOS.Build.0 = Debug|Any CPU
		{58E82562-D72E-4510-BB63-C1DDBA4E3433}.Debug|WindowsStandalone32.ActiveCfg = Debug|Any CPU
		{58E82562-D72E-4510-BB63-C1DDBA4E3433}.Debug|WindowsStandalone32.Build.0 = Debug|Any CPU
		{58E82562-D72E-4510-BB63-C1DDBA4E3433}.Debug|WindowsStandalone64.ActiveCfg = Debug|Any CPU
		{58E82562-D72E-4510-BB63-C1DDBA4E3433}.Debug|WindowsStandalone64.Build.0 = Debug|Any CPU
		{58E82562-D72E-4510-BB63-C1DDBA4E3433}.Debug|WSA.ActiveCfg = Debug|Any CPU
		{58E82562-D72E-4510-BB63-C1DDBA4E3433}.Debug|WSA.Build.0 = Debug|Any CPU
		{58E82562-D72E-4510-BB63-C1DDBA4E3433}.InEditor|Android.ActiveCfg = Release|Any CPU
		{58E82562-D72E-4510-BB63-C1DDBA4E3433}.InEditor|Android.Build.0 = Release|Any CPU
		{58E82562-D72E-4510-BB63-C1DDBA4E3433}.InEditor|Any CPU.ActiveCfg = Release|Any CPU
		{58E82562-D72E-4510-BB63-C1DDBA4E3433}.InEditor|Any CPU.Build.0 = Release|Any CPU
		{58E82562-D72E-4510-BB63-C1DDBA4E3433}.InEditor|iOS.ActiveCfg = Release|Any CPU
		{58E82562-D72E-4510-BB63-C1DDBA4E3433}.InEditor|iOS.Build.0 = Release|Any CPU
		{58E82562-D72E-4510-BB63-C1DDBA4E3433}.InEditor|WindowsStandalone32.ActiveCfg = Release|Any CPU
		{58E82562-D72E-4510-BB63-C1DDBA4E3433}.InEditor|WindowsStandalone32.Build.0 = Release|Any CPU
		{58E82562-D72E-4510-BB63-C1DDBA4E3433}.InEditor|WindowsStandalone64.ActiveCfg = Release|Any CPU
		{58E82562-D72E-4510-BB63-C1DDBA4E3433}.InEditor|WindowsStandalone64.Build.0 = Release|Any CPU
		{58E82562-D72E-4510-BB63-C1DDBA4E3433}.InEditor|WSA.ActiveCfg = Release|Any CPU
		{58E82562-D72E-4510-BB63-C1DDBA4E3433}.InEditor|WSA.Build.0 = Release|Any CPU
		{58E82562-D72E-4510-BB63-C1DDBA4E3433}.Player|Android.ActiveCfg = Release|Any CPU
		{58E82562-D72E-4510-BB63-C1DDBA4E3433}.Player|Android.Build.0 = Release|Any CPU
		{58E82562-D72E-4510-BB63-C1DDBA4E3433}.Player|Any CPU.ActiveCfg = Release|Any CPU
		{58E82562-D72E-4510-BB63-C1DDBA4E3433}.Player|Any CPU.Build.0 = Release|Any CPU
		{58E82562-D72E-4510-BB63-C1DDBA4E3433}.Player|iOS.ActiveCfg = Release|Any CPU
		{58E82562-D72E-4510-BB63-C1DDBA4E3433}.Player|iOS.Build.0 = Release|Any CPU
		{58E82562-D72E-4510-BB63-C1DDBA4E3433}.Player|WindowsStandalone32.ActiveCfg = Release|Any CPU
		{58E82562-D72E-4510-BB63-C1DDBA4E3433}.Player|WindowsStandalone32.Build.0 = Release|Any CPU
		{58E82562-D72E-4510-BB63-C1DDBA4E3433}.Player|WindowsStandalone64.ActiveCfg = Release|Any CPU
		{58E82562-D72E-4510-BB63-C1DDBA4E3433}.Player|WindowsStandalone64.Build.0 = Release|Any CPU
		{58E82562-D72E-4510-BB63-C1DDBA4E3433}.Player|WSA.ActiveCfg = Release|Any CPU
		{58E82562-D72E-4510-BB63-C1DDBA4E3433}.Player|WSA.Build.0 = Release|Any CPU
		{58E82562-D72E-4510-BB63-C1DDBA4E3433}.Release|Android.ActiveCfg = Release|Any CPU
		{58E82562-D72E-4510-BB63-C1DDBA4E3433}.Release|Android.Build.0 = Release|Any CPU
		{58E82562-D72E-4510-BB63-C1DDBA4E3433}.Release|Any CPU.ActiveCfg = Release|Any CPU
		{58E82562-D72E-4510-BB63-C1DDBA4E3433}.Release|Any CPU.Build.0 = Release|Any CPU
		{58E82562-D72E-4510-BB63-C1DDBA4E3433}.Release|iOS.ActiveCfg = Release|Any CPU
		{58E82562-D72E-4510-BB63-C1DDBA4E3433}.Release|iOS.Build.0 = Release|Any CPU
		{58E82562-D72E-4510-BB63-C1DDBA4E3433}.Release|WindowsStandalone32.ActiveCfg = Release|Any CPU
		{58E82562-D72E-4510-BB63-C1DDBA4E3433}.Release|WindowsStandalone32.Build.0 = Release|Any CPU
		{58E82562-D72E-4510-BB63-C1DDBA4E3433}.Release|WindowsStandalone64.ActiveCfg = Release|Any CPU
		{58E82562-D72E-4510-BB63-C1DDBA4E3433}.Release|WindowsStandalone64.Build.0 = Release|Any CPU
		{58E82562-D72E-4510-BB63-C1DDBA4E3433}.Release|WSA.ActiveCfg = Release|Any CPU
		{58E82562-D72E-4510-BB63-C1DDBA4E3433}.Release|WSA.Build.0 = Release|Any CPU
		{6055BE8E-BEFD-69E4-8B49-212B09B47B2F}.Debug|Android.ActiveCfg = InEditor|Android
		{6055BE8E-BEFD-69E4-8B49-212B09B47B2F}.Debug|Any CPU.ActiveCfg = InEditor|Android
		{6055BE8E-BEFD-69E4-8B49-212B09B47B2F}.Debug|iOS.ActiveCfg = InEditor|iOS
		{6055BE8E-BEFD-69E4-8B49-212B09B47B2F}.Debug|WindowsStandalone32.ActiveCfg = InEditor|WindowsStandalone32
		{6055BE8E-BEFD-69E4-8B49-212B09B47B2F}.Debug|WindowsStandalone64.ActiveCfg = InEditor|WindowsStandalone64
		{6055BE8E-BEFD-69E4-8B49-212B09B47B2F}.Debug|WSA.ActiveCfg = InEditor|WSA
		{6055BE8E-BEFD-69E4-8B49-212B09B47B2F}.InEditor|Android.ActiveCfg = InEditor|Android
		{6055BE8E-BEFD-69E4-8B49-212B09B47B2F}.InEditor|Android.Build.0 = InEditor|Android
		{6055BE8E-BEFD-69E4-8B49-212B09B47B2F}.InEditor|Any CPU.ActiveCfg = InEditor|Android
		{6055BE8E-BEFD-69E4-8B49-212B09B47B2F}.InEditor|iOS.ActiveCfg = InEditor|iOS
		{6055BE8E-BEFD-69E4-8B49-212B09B47B2F}.InEditor|iOS.Build.0 = InEditor|iOS
		{6055BE8E-BEFD-69E4-8B49-212B09B47B2F}.InEditor|WindowsStandalone32.ActiveCfg = InEditor|WindowsStandalone32
		{6055BE8E-BEFD-69E4-8B49-212B09B47B2F}.InEditor|WindowsStandalone32.Build.0 = InEditor|WindowsStandalone32
		{6055BE8E-BEFD-69E4-8B49-212B09B47B2F}.InEditor|WindowsStandalone64.ActiveCfg = InEditor|WindowsStandalone64
		{6055BE8E-BEFD-69E4-8B49-212B09B47B2F}.InEditor|WindowsStandalone64.Build.0 = InEditor|WindowsStandalone64
		{6055BE8E-BEFD-69E4-8B49-212B09B47B2F}.InEditor|WSA.ActiveCfg = InEditor|WSA
		{6055BE8E-BEFD-69E4-8B49-212B09B47B2F}.InEditor|WSA.Build.0 = InEditor|WSA
		{6055BE8E-BEFD-69E4-8B49-212B09B47B2F}.Player|Android.ActiveCfg = Player|Android
		{6055BE8E-BEFD-69E4-8B49-212B09B47B2F}.Player|Android.Build.0 = Player|Android
		{6055BE8E-BEFD-69E4-8B49-212B09B47B2F}.Player|Any CPU.ActiveCfg = Player|Android
		{6055BE8E-BEFD-69E4-8B49-212B09B47B2F}.Player|iOS.ActiveCfg = Player|iOS
		{6055BE8E-BEFD-69E4-8B49-212B09B47B2F}.Player|iOS.Build.0 = Player|iOS
		{6055BE8E-BEFD-69E4-8B49-212B09B47B2F}.Player|WindowsStandalone32.ActiveCfg = Player|WindowsStandalone32
		{6055BE8E-BEFD-69E4-8B49-212B09B47B2F}.Player|WindowsStandalone32.Build.0 = Player|WindowsStandalone32
		{6055BE8E-BEFD-69E4-8B49-212B09B47B2F}.Player|WindowsStandalone64.ActiveCfg = Player|WindowsStandalone64
		{6055BE8E-BEFD-69E4-8B49-212B09B47B2F}.Player|WindowsStandalone64.Build.0 = Player|WindowsStandalone64
		{6055BE8E-BEFD-69E4-8B49-212B09B47B2F}.Player|WSA.ActiveCfg = Player|WSA
		{6055BE8E-BEFD-69E4-8B49-212B09B47B2F}.Player|WSA.Build.0 = Player|WSA
		{6055BE8E-BEFD-69E4-8B49-212B09B47B2F}.Release|Android.ActiveCfg = InEditor|Android
		{6055BE8E-BEFD-69E4-8B49-212B09B47B2F}.Release|Any CPU.ActiveCfg = InEditor|Android
		{6055BE8E-BEFD-69E4-8B49-212B09B47B2F}.Release|iOS.ActiveCfg = InEditor|iOS
		{6055BE8E-BEFD-69E4-8B49-212B09B47B2F}.Release|WindowsStandalone32.ActiveCfg = InEditor|WindowsStandalone32
		{6055BE8E-BEFD-69E4-8B49-212B09B47B2F}.Release|WindowsStandalone64.ActiveCfg = InEditor|WindowsStandalone64
		{6055BE8E-BEFD-69E4-8B49-212B09B47B2F}.Release|WSA.ActiveCfg = InEditor|WSA
		{645165C8-1694-74BF-BBEB-8FB0BCFD26F5}.Debug|Android.ActiveCfg = InEditor|Android
		{645165C8-1694-74BF-BBEB-8FB0BCFD26F5}.Debug|Any CPU.ActiveCfg = InEditor|Android
		{645165C8-1694-74BF-BBEB-8FB0BCFD26F5}.Debug|iOS.ActiveCfg = InEditor|iOS
		{645165C8-1694-74BF-BBEB-8FB0BCFD26F5}.Debug|WindowsStandalone32.ActiveCfg = InEditor|WindowsStandalone32
		{645165C8-1694-74BF-BBEB-8FB0BCFD26F5}.Debug|WindowsStandalone64.ActiveCfg = InEditor|WindowsStandalone64
		{645165C8-1694-74BF-BBEB-8FB0BCFD26F5}.Debug|WSA.ActiveCfg = InEditor|WSA
		{645165C8-1694-74BF-BBEB-8FB0BCFD26F5}.InEditor|Android.ActiveCfg = InEditor|Android
		{645165C8-1694-74BF-BBEB-8FB0BCFD26F5}.InEditor|Android.Build.0 = InEditor|Android
		{645165C8-1694-74BF-BBEB-8FB0BCFD26F5}.InEditor|Any CPU.ActiveCfg = InEditor|Android
		{645165C8-1694-74BF-BBEB-8FB0BCFD26F5}.InEditor|iOS.ActiveCfg = InEditor|iOS
		{645165C8-1694-74BF-BBEB-8FB0BCFD26F5}.InEditor|iOS.Build.0 = InEditor|iOS
		{645165C8-1694-74BF-BBEB-8FB0BCFD26F5}.InEditor|WindowsStandalone32.ActiveCfg = InEditor|WindowsStandalone32
		{645165C8-1694-74BF-BBEB-8FB0BCFD26F5}.InEditor|WindowsStandalone32.Build.0 = InEditor|WindowsStandalone32
		{645165C8-1694-74BF-BBEB-8FB0BCFD26F5}.InEditor|WindowsStandalone64.ActiveCfg = InEditor|WindowsStandalone64
		{645165C8-1694-74BF-BBEB-8FB0BCFD26F5}.InEditor|WindowsStandalone64.Build.0 = InEditor|WindowsStandalone64
		{645165C8-1694-74BF-BBEB-8FB0BCFD26F5}.InEditor|WSA.ActiveCfg = InEditor|WSA
		{645165C8-1694-74BF-BBEB-8FB0BCFD26F5}.InEditor|WSA.Build.0 = InEditor|WSA
		{645165C8-1694-74BF-BBEB-8FB0BCFD26F5}.Player|Android.ActiveCfg = Player|Android
		{645165C8-1694-74BF-BBEB-8FB0BCFD26F5}.Player|Any CPU.ActiveCfg = Player|Android
		{645165C8-1694-74BF-BBEB-8FB0BCFD26F5}.Player|iOS.ActiveCfg = Player|iOS
		{645165C8-1694-74BF-BBEB-8FB0BCFD26F5}.Player|WindowsStandalone32.ActiveCfg = Player|WindowsStandalone32
		{645165C8-1694-74BF-BBEB-8FB0BCFD26F5}.Player|WindowsStandalone64.ActiveCfg = Player|WindowsStandalone64
		{645165C8-1694-74BF-BBEB-8FB0BCFD26F5}.Player|WSA.ActiveCfg = Player|WSA
		{645165C8-1694-74BF-BBEB-8FB0BCFD26F5}.Release|Android.ActiveCfg = InEditor|Android
		{645165C8-1694-74BF-BBEB-8FB0BCFD26F5}.Release|Any CPU.ActiveCfg = InEditor|Android
		{645165C8-1694-74BF-BBEB-8FB0BCFD26F5}.Release|iOS.ActiveCfg = InEditor|iOS
		{645165C8-1694-74BF-BBEB-8FB0BCFD26F5}.Release|WindowsStandalone32.ActiveCfg = InEditor|WindowsStandalone32
		{645165C8-1694-74BF-BBEB-8FB0BCFD26F5}.Release|WindowsStandalone64.ActiveCfg = InEditor|WindowsStandalone64
		{645165C8-1694-74BF-BBEB-8FB0BCFD26F5}.Release|WSA.ActiveCfg = InEditor|WSA
		{6546D776-5B41-65B4-0850-B3667F981C26}.Debug|Android.ActiveCfg = InEditor|Android
		{6546D776-5B41-65B4-0850-B3667F981C26}.Debug|Any CPU.ActiveCfg = InEditor|Android
		{6546D776-5B41-65B4-0850-B3667F981C26}.Debug|iOS.ActiveCfg = InEditor|iOS
		{6546D776-5B41-65B4-0850-B3667F981C26}.Debug|WindowsStandalone32.ActiveCfg = InEditor|WindowsStandalone32
		{6546D776-5B41-65B4-0850-B3667F981C26}.Debug|WindowsStandalone64.ActiveCfg = InEditor|WindowsStandalone64
		{6546D776-5B41-65B4-0850-B3667F981C26}.Debug|WSA.ActiveCfg = InEditor|WSA
		{6546D776-5B41-65B4-0850-B3667F981C26}.InEditor|Android.ActiveCfg = InEditor|Android
		{6546D776-5B41-65B4-0850-B3667F981C26}.InEditor|Android.Build.0 = InEditor|Android
		{6546D776-5B41-65B4-0850-B3667F981C26}.InEditor|Any CPU.ActiveCfg = InEditor|Android
		{6546D776-5B41-65B4-0850-B3667F981C26}.InEditor|iOS.ActiveCfg = InEditor|iOS
		{6546D776-5B41-65B4-0850-B3667F981C26}.InEditor|iOS.Build.0 = InEditor|iOS
		{6546D776-5B41-65B4-0850-B3667F981C26}.InEditor|WindowsStandalone32.ActiveCfg = InEditor|WindowsStandalone32
		{6546D776-5B41-65B4-0850-B3667F981C26}.InEditor|WindowsStandalone32.Build.0 = InEditor|WindowsStandalone32
		{6546D776-5B41-65B4-0850-B3667F981C26}.InEditor|WindowsStandalone64.ActiveCfg = InEditor|WindowsStandalone64
		{6546D776-5B41-65B4-0850-B3667F981C26}.InEditor|WindowsStandalone64.Build.0 = InEditor|WindowsStandalone64
		{6546D776-5B41-65B4-0850-B3667F981C26}.InEditor|WSA.ActiveCfg = InEditor|WSA
		{6546D776-5B41-65B4-0850-B3667F981C26}.InEditor|WSA.Build.0 = InEditor|WSA
		{6546D776-5B41-65B4-0850-B3667F981C26}.Player|Android.ActiveCfg = Player|Android
		{6546D776-5B41-65B4-0850-B3667F981C26}.Player|Any CPU.ActiveCfg = Player|Android
		{6546D776-5B41-65B4-0850-B3667F981C26}.Player|iOS.ActiveCfg = Player|iOS
		{6546D776-5B41-65B4-0850-B3667F981C26}.Player|WindowsStandalone32.ActiveCfg = Player|WindowsStandalone32
		{6546D776-5B41-65B4-0850-B3667F981C26}.Player|WindowsStandalone64.ActiveCfg = Player|WindowsStandalone64
		{6546D776-5B41-65B4-0850-B3667F981C26}.Player|WSA.ActiveCfg = Player|WSA
		{6546D776-5B41-65B4-0850-B3667F981C26}.Release|Android.ActiveCfg = InEditor|Android
		{6546D776-5B41-65B4-0850-B3667F981C26}.Release|Any CPU.ActiveCfg = InEditor|Android
		{6546D776-5B41-65B4-0850-B3667F981C26}.Release|iOS.ActiveCfg = InEditor|iOS
		{6546D776-5B41-65B4-0850-B3667F981C26}.Release|WindowsStandalone32.ActiveCfg = InEditor|WindowsStandalone32
		{6546D776-5B41-65B4-0850-B3667F981C26}.Release|WindowsStandalone64.ActiveCfg = InEditor|WindowsStandalone64
		{6546D776-5B41-65B4-0850-B3667F981C26}.Release|WSA.ActiveCfg = InEditor|WSA
		{C47857AB-4B18-4AED-94F8-E6ACB45B6484}.Debug|Android.ActiveCfg = Player|Android
		{C47857AB-4B18-4AED-94F8-E6ACB45B6484}.Debug|Android.Build.0 = Player|Android
		{C47857AB-4B18-4AED-94F8-E6ACB45B6484}.Debug|Any CPU.ActiveCfg = Player|WSA
		{C47857AB-4B18-4AED-94F8-E6ACB45B6484}.Debug|Any CPU.Build.0 = Player|WSA
		{C47857AB-4B18-4AED-94F8-E6ACB45B6484}.Debug|iOS.ActiveCfg = Player|iOS
		{C47857AB-4B18-4AED-94F8-E6ACB45B6484}.Debug|iOS.Build.0 = Player|iOS
		{C47857AB-4B18-4AED-94F8-E6ACB45B6484}.Debug|WindowsStandalone32.ActiveCfg = Player|WindowsStandalone32
		{C47857AB-4B18-4AED-94F8-E6ACB45B6484}.Debug|WindowsStandalone32.Build.0 = Player|WindowsStandalone32
		{C47857AB-4B18-4AED-94F8-E6ACB45B6484}.Debug|WindowsStandalone64.ActiveCfg = Player|WindowsStandalone64
		{C47857AB-4B18-4AED-94F8-E6ACB45B6484}.Debug|WindowsStandalone64.Build.0 = Player|WindowsStandalone64
		{C47857AB-4B18-4AED-94F8-E6ACB45B6484}.Debug|WSA.ActiveCfg = Player|WSA
		{C47857AB-4B18-4AED-94F8-E6ACB45B6484}.Debug|WSA.Build.0 = Player|WSA
		{C47857AB-4B18-4AED-94F8-E6ACB45B6484}.InEditor|Android.ActiveCfg = InEditor|Android
		{C47857AB-4B18-4AED-94F8-E6ACB45B6484}.InEditor|Android.Build.0 = InEditor|Android
		{C47857AB-4B18-4AED-94F8-E6ACB45B6484}.InEditor|Any CPU.ActiveCfg = InEditor|Android
		{C47857AB-4B18-4AED-94F8-E6ACB45B6484}.InEditor|iOS.ActiveCfg = InEditor|iOS
		{C47857AB-4B18-4AED-94F8-E6ACB45B6484}.InEditor|iOS.Build.0 = InEditor|iOS
		{C47857AB-4B18-4AED-94F8-E6ACB45B6484}.InEditor|WindowsStandalone32.ActiveCfg = InEditor|WindowsStandalone32
		{C47857AB-4B18-4AED-94F8-E6ACB45B6484}.InEditor|WindowsStandalone32.Build.0 = InEditor|WindowsStandalone32
		{C47857AB-4B18-4AED-94F8-E6ACB45B6484}.InEditor|WindowsStandalone64.ActiveCfg = InEditor|WindowsStandalone64
		{C47857AB-4B18-4AED-94F8-E6ACB45B6484}.InEditor|WindowsStandalone64.Build.0 = InEditor|WindowsStandalone64
		{C47857AB-4B18-4AED-94F8-E6ACB45B6484}.InEditor|WSA.ActiveCfg = InEditor|WSA
		{C47857AB-4B18-4AED-94F8-E6ACB45B6484}.InEditor|WSA.Build.0 = InEditor|WSA
		{C47857AB-4B18-4AED-94F8-E6ACB45B6484}.Player|Android.ActiveCfg = Player|Android
		{C47857AB-4B18-4AED-94F8-E6ACB45B6484}.Player|Android.Build.0 = Player|Android
		{C47857AB-4B18-4AED-94F8-E6ACB45B6484}.Player|Any CPU.ActiveCfg = Player|Android
		{C47857AB-4B18-4AED-94F8-E6ACB45B6484}.Player|iOS.ActiveCfg = Player|iOS
		{C47857AB-4B18-4AED-94F8-E6ACB45B6484}.Player|iOS.Build.0 = Player|iOS
		{C47857AB-4B18-4AED-94F8-E6ACB45B6484}.Player|WindowsStandalone32.ActiveCfg = Player|WindowsStandalone32
		{C47857AB-4B18-4AED-94F8-E6ACB45B6484}.Player|WindowsStandalone32.Build.0 = Player|WindowsStandalone32
		{C47857AB-4B18-4AED-94F8-E6ACB45B6484}.Player|WindowsStandalone64.ActiveCfg = Player|WindowsStandalone64
		{C47857AB-4B18-4AED-94F8-E6ACB45B6484}.Player|WindowsStandalone64.Build.0 = Player|WindowsStandalone64
		{C47857AB-4B18-4AED-94F8-E6ACB45B6484}.Player|WSA.ActiveCfg = Player|WSA
		{C47857AB-4B18-4AED-94F8-E6ACB45B6484}.Player|WSA.Build.0 = Player|WSA
		{C47857AB-4B18-4AED-94F8-E6ACB45B6484}.Release|Android.ActiveCfg = Player|Android
		{C47857AB-4B18-4AED-94F8-E6ACB45B6484}.Release|Android.Build.0 = Player|Android
		{C47857AB-4B18-4AED-94F8-E6ACB45B6484}.Release|Any CPU.ActiveCfg = Player|WSA
		{C47857AB-4B18-4AED-94F8-E6ACB45B6484}.Release|Any CPU.Build.0 = Player|WSA
		{C47857AB-4B18-4AED-94F8-E6ACB45B6484}.Release|iOS.ActiveCfg = Player|iOS
		{C47857AB-4B18-4AED-94F8-E6ACB45B6484}.Release|iOS.Build.0 = Player|iOS
		{C47857AB-4B18-4AED-94F8-E6ACB45B6484}.Release|WindowsStandalone32.ActiveCfg = Player|WindowsStandalone32
		{C47857AB-4B18-4AED-94F8-E6ACB45B6484}.Release|WindowsStandalone32.Build.0 = Player|WindowsStandalone32
		{C47857AB-4B18-4AED-94F8-E6ACB45B6484}.Release|WindowsStandalone64.ActiveCfg = Player|WindowsStandalone64
		{C47857AB-4B18-4AED-94F8-E6ACB45B6484}.Release|WindowsStandalone64.Build.0 = Player|WindowsStandalone64
		{C47857AB-4B18-4AED-94F8-E6ACB45B6484}.Release|WSA.ActiveCfg = Player|WSA
		{C47857AB-4B18-4AED-94F8-E6ACB45B6484}.Release|WSA.Build.0 = Player|WSA
		{35F18CF2-8F12-4108-B9F8-D34479756CD6}.Debug|Android.ActiveCfg = InEditor|Android
		{35F18CF2-8F12-4108-B9F8-D34479756CD6}.Debug|Any CPU.ActiveCfg = InEditor|Android
		{35F18CF2-8F12-4108-B9F8-D34479756CD6}.Debug|iOS.ActiveCfg = InEditor|iOS
		{35F18CF2-8F12-4108-B9F8-D34479756CD6}.Debug|WindowsStandalone32.ActiveCfg = InEditor|WindowsStandalone32
		{35F18CF2-8F12-4108-B9F8-D34479756CD6}.Debug|WindowsStandalone64.ActiveCfg = InEditor|WindowsStandalone64
		{35F18CF2-8F12-4108-B9F8-D34479756CD6}.Debug|WSA.ActiveCfg = InEditor|WSA
		{35F18CF2-8F12-4108-B9F8-D34479756CD6}.InEditor|Android.ActiveCfg = InEditor|Android
		{35F18CF2-8F12-4108-B9F8-D34479756CD6}.InEditor|Android.Build.0 = InEditor|Android
		{35F18CF2-8F12-4108-B9F8-D34479756CD6}.InEditor|Any CPU.ActiveCfg = InEditor|Android
		{35F18CF2-8F12-4108-B9F8-D34479756CD6}.InEditor|iOS.ActiveCfg = InEditor|iOS
		{35F18CF2-8F12-4108-B9F8-D34479756CD6}.InEditor|iOS.Build.0 = InEditor|iOS
		{35F18CF2-8F12-4108-B9F8-D34479756CD6}.InEditor|WindowsStandalone32.ActiveCfg = InEditor|WindowsStandalone32
		{35F18CF2-8F12-4108-B9F8-D34479756CD6}.InEditor|WindowsStandalone32.Build.0 = InEditor|WindowsStandalone32
		{35F18CF2-8F12-4108-B9F8-D34479756CD6}.InEditor|WindowsStandalone64.ActiveCfg = InEditor|WindowsStandalone64
		{35F18CF2-8F12-4108-B9F8-D34479756CD6}.InEditor|WindowsStandalone64.Build.0 = InEditor|WindowsStandalone64
		{35F18CF2-8F12-4108-B9F8-D34479756CD6}.InEditor|WSA.ActiveCfg = InEditor|WSA
		{35F18CF2-8F12-4108-B9F8-D34479756CD6}.InEditor|WSA.Build.0 = InEditor|WSA
		{35F18CF2-8F12-4108-B9F8-D34479756CD6}.Player|Android.ActiveCfg = Player|Android
		{35F18CF2-8F12-4108-B9F8-D34479756CD6}.Player|Android.Build.0 = Player|Android
		{35F18CF2-8F12-4108-B9F8-D34479756CD6}.Player|Any CPU.ActiveCfg = Player|Android
		{35F18CF2-8F12-4108-B9F8-D34479756CD6}.Player|iOS.ActiveCfg = Player|iOS
		{35F18CF2-8F12-4108-B9F8-D34479756CD6}.Player|iOS.Build.0 = Player|iOS
		{35F18CF2-8F12-4108-B9F8-D34479756CD6}.Player|WindowsStandalone32.ActiveCfg = Player|WindowsStandalone32
		{35F18CF2-8F12-4108-B9F8-D34479756CD6}.Player|WindowsStandalone32.Build.0 = Player|WindowsStandalone32
		{35F18CF2-8F12-4108-B9F8-D34479756CD6}.Player|WindowsStandalone64.ActiveCfg = Player|WindowsStandalone64
		{35F18CF2-8F12-4108-B9F8-D34479756CD6}.Player|WindowsStandalone64.Build.0 = Player|WindowsStandalone64
		{35F18CF2-8F12-4108-B9F8-D34479756CD6}.Player|WSA.ActiveCfg = Player|WSA
		{35F18CF2-8F12-4108-B9F8-D34479756CD6}.Player|WSA.Build.0 = Player|WSA
		{35F18CF2-8F12-4108-B9F8-D34479756CD6}.Release|Android.ActiveCfg = InEditor|Android
		{35F18CF2-8F12-4108-B9F8-D34479756CD6}.Release|Any CPU.ActiveCfg = InEditor|Android
		{35F18CF2-8F12-4108-B9F8-D34479756CD6}.Release|iOS.ActiveCfg = InEditor|iOS
		{35F18CF2-8F12-4108-B9F8-D34479756CD6}.Release|WindowsStandalone32.ActiveCfg = InEditor|WindowsStandalone32
		{35F18CF2-8F12-4108-B9F8-D34479756CD6}.Release|WindowsStandalone64.ActiveCfg = InEditor|WindowsStandalone64
		{35F18CF2-8F12-4108-B9F8-D34479756CD6}.Release|WSA.ActiveCfg = InEditor|WSA
		{F462FC4F-630C-4212-83AE-9208D85AD084}.Debug|Android.ActiveCfg = Debug|Any CPU
		{F462FC4F-630C-4212-83AE-9208D85AD084}.Debug|Any CPU.ActiveCfg = Debug|Any CPU
		{F462FC4F-630C-4212-83AE-9208D85AD084}.Debug|Any CPU.Build.0 = Debug|Any CPU
		{F462FC4F-630C-4212-83AE-9208D85AD084}.Debug|iOS.ActiveCfg = Debug|Any CPU
		{F462FC4F-630C-4212-83AE-9208D85AD084}.Debug|WindowsStandalone32.ActiveCfg = Debug|Any CPU
		{F462FC4F-630C-4212-83AE-9208D85AD084}.Debug|WindowsStandalone64.ActiveCfg = Debug|Any CPU
		{F462FC4F-630C-4212-83AE-9208D85AD084}.Debug|WSA.ActiveCfg = Debug|Any CPU
		{F462FC4F-630C-4212-83AE-9208D85AD084}.InEditor|Android.ActiveCfg = Debug|Any CPU
		{F462FC4F-630C-4212-83AE-9208D85AD084}.InEditor|Any CPU.ActiveCfg = Debug|Any CPU
		{F462FC4F-630C-4212-83AE-9208D85AD084}.InEditor|iOS.ActiveCfg = Debug|Any CPU
		{F462FC4F-630C-4212-83AE-9208D85AD084}.InEditor|WindowsStandalone32.ActiveCfg = Debug|Any CPU
		{F462FC4F-630C-4212-83AE-9208D85AD084}.InEditor|WindowsStandalone64.ActiveCfg = Debug|Any CPU
		{F462FC4F-630C-4212-83AE-9208D85AD084}.InEditor|WSA.ActiveCfg = Debug|Any CPU
		{F462FC4F-630C-4212-83AE-9208D85AD084}.Player|Android.ActiveCfg = Debug|Any CPU
		{F462FC4F-630C-4212-83AE-9208D85AD084}.Player|Any CPU.ActiveCfg = Debug|Any CPU
		{F462FC4F-630C-4212-83AE-9208D85AD084}.Player|iOS.ActiveCfg = Debug|Any CPU
		{F462FC4F-630C-4212-83AE-9208D85AD084}.Player|WindowsStandalone32.ActiveCfg = Debug|Any CPU
		{F462FC4F-630C-4212-83AE-9208D85AD084}.Player|WindowsStandalone64.ActiveCfg = Debug|Any CPU
		{F462FC4F-630C-4212-83AE-9208D85AD084}.Player|WSA.ActiveCfg = Debug|Any CPU
		{F462FC4F-630C-4212-83AE-9208D85AD084}.Release|Android.ActiveCfg = Release|Any CPU
		{F462FC4F-630C-4212-83AE-9208D85AD084}.Release|Any CPU.ActiveCfg = Release|Any CPU
		{F462FC4F-630C-4212-83AE-9208D85AD084}.Release|Any CPU.Build.0 = Release|Any CPU
		{F462FC4F-630C-4212-83AE-9208D85AD084}.Release|iOS.ActiveCfg = Release|Any CPU
		{F462FC4F-630C-4212-83AE-9208D85AD084}.Release|WindowsStandalone32.ActiveCfg = Release|Any CPU
		{F462FC4F-630C-4212-83AE-9208D85AD084}.Release|WindowsStandalone64.ActiveCfg = Release|Any CPU
		{F462FC4F-630C-4212-83AE-9208D85AD084}.Release|WSA.ActiveCfg = Release|Any CPU
	EndGlobalSection
	GlobalSection(SolutionProperties) = preSolution
		HideSolutionNode = FALSE
	EndGlobalSection
	GlobalSection(NestedProjects) = preSolution
		{C47857AB-4B18-4AED-94F8-E6ACB45B6484} = {DE0C24FB-D205-472C-9A12-A6889F85118C}
		{58E82562-D72E-4510-BB63-C1DDBA4E3433} = {DE0C24FB-D205-472C-9A12-A6889F85118C}
		{6546D776-5B41-65B4-0850-B3667F981C26} = {E6B8BA08-82D8-4266-93D4-0A9770D70A66}
		{6055BE8E-BEFD-69E4-8B49-212B09B47B2F} = {E6B8BA08-82D8-4266-93D4-0A9770D70A66}
		{15A615C7-33AA-2409-09FE-0B28B0D5143C} = {E6B8BA08-82D8-4266-93D4-0A9770D70A66}
		{645165C8-1694-74BF-BBEB-8FB0BCFD26F5} = {E6B8BA08-82D8-4266-93D4-0A9770D70A66}
		{0FDA7EBE-61AB-2164-383D-10E32EFB9C6E} = {E6B8BA08-82D8-4266-93D4-0A9770D70A66}
		{0DF1F49A-50F1-5354-5BF9-9E3DBB6674AD} = {53C6B76F-FA9E-4BC0-9475-9A0944C6D7F5}
	EndGlobalSection
	GlobalSection(ExtensibilityGlobals) = postSolution
		SolutionGuid = {79C75D6A-84D9-443A-98F8-4DE7AC4365DC}
	EndGlobalSection
	GlobalSection(SolutionNotes) = postSolution
		{0df1f49a-50f1-5354-5bf9-9e3dbb6674ad} = msb4u.generated
		{0fda7ebe-61ab-2164-383d-10e32efb9c6e} = msb4u.generated
		{15a615c7-33aa-2409-09fe-0b28b0d5143c} = msb4u.generated
		{35f18cf2-8f12-4108-b9f8-d34479756cd6} = msb4u.generated
		{53c6b76f-fa9e-4bc0-9475-9a0944c6d7f5} = msb4u.generated
		{6055be8e-befd-69e4-8b49-212b09b47b2f} = msb4u.generated
		{645165c8-1694-74bf-bbeb-8fb0bcfd26f5} = msb4u.generated
		{6546d776-5b41-65b4-0850-b3667f981c26} = msb4u.generated
		{e6b8ba08-82d8-4266-93d4-0a9770d70a66} = msb4u.generated
		{f462fc4f-630c-4212-83ae-9208d85ad084} = msb4u.generated
	EndGlobalSection
EndGlobal
